
Microsoft Visual Studio Solution File, Format Version 12.00
# Visual Studio 2013
VisualStudioVersion = 12.0.31101.0
MinimumVisualStudioVersion = 10.0.40219.1
Project("{FAE04EC0-301F-11D3-BF4B-00C04F79EFBC}") = "CoachSeek.WebUI.Tests.Unit", "CoachSeek.WebUI.Tests.Unit\CoachSeek.WebUI.Tests.Unit.csproj", "{50047D59-EA82-4435-A39C-6772F83A0C79}"
EndProject
Project("{FAE04EC0-301F-11D3-BF4B-00C04F79EFBC}") = "CoachSeek.Domain", "CoachSeek.Domain\CoachSeek.Domain.csproj", "{2BCE0E8A-CF47-448E-B78E-50A2BF1BD99A}"
EndProject
Project("{FAE04EC0-301F-11D3-BF4B-00C04F79EFBC}") = "CoachSeek.Domain.Tests.Unit", "CoachSeek.Domain.Tests.Unit\CoachSeek.Domain.Tests.Unit.csproj", "{C866CC66-5A80-4D65-B0B1-F9EA84B79CF4}"
EndProject
Project("{FAE04EC0-301F-11D3-BF4B-00C04F79EFBC}") = "CoachSeek.Application", "CoachSeek.Application\CoachSeek.Application.csproj", "{64BDE56F-D7E8-4103-B5C4-CA10EE93366D}"
EndProject
Project("{FAE04EC0-301F-11D3-BF4B-00C04F79EFBC}") = "CoachSeek.Application.Contracts", "CoachSeek.Application.Contracts\CoachSeek.Application.Contracts.csproj", "{9B38A5E3-AE19-4497-91E1-6D6F3FD6BBDF}"
	ProjectSection(ProjectDependencies) = postProject
		{2BCE0E8A-CF47-448E-B78E-50A2BF1BD99A} = {2BCE0E8A-CF47-448E-B78E-50A2BF1BD99A}
	EndProjectSection
EndProject
Project("{FAE04EC0-301F-11D3-BF4B-00C04F79EFBC}") = "CoachSeek.Common", "CoachSeek.Common\CoachSeek.Common.csproj", "{2D91E32D-170C-4E38-A9E5-C5232DAA9552}"
EndProject
Project("{FAE04EC0-301F-11D3-BF4B-00C04F79EFBC}") = "CoachSeek.Application.Tests.Unit", "CoachSeek.Application.Tests.Unit\CoachSeek.Application.Tests.Unit.csproj", "{6DF0A6DA-4ED1-4DA5-835C-929AFDF4FC79}"
	ProjectSection(ProjectDependencies) = postProject
		{15167C2D-BCD1-45C7-805F-29FF151083D3} = {15167C2D-BCD1-45C7-805F-29FF151083D3}
		{64BDE56F-D7E8-4103-B5C4-CA10EE93366D} = {64BDE56F-D7E8-4103-B5C4-CA10EE93366D}
	EndProjectSection
EndProject
Project("{2150E333-8FDC-42A3-9474-1A3956D46DE8}") = "API", "API", "{A3A81634-C2B1-4CDF-A1F0-ABE4F6FD30DB}"
EndProject
Project("{2150E333-8FDC-42A3-9474-1A3956D46DE8}") = "Application", "Application", "{CC138F45-D94A-4939-96EB-ADE5982C717A}"
	ProjectSection(SolutionItems) = preProject
		Coachseek.API.Client\packages.config = Coachseek.API.Client\packages.config
	EndProjectSection
EndProject
Project("{2150E333-8FDC-42A3-9474-1A3956D46DE8}") = "DataAccess", "DataAccess", "{E415E6AC-CF57-434C-B2BB-9714912A2F38}"
EndProject
Project("{2150E333-8FDC-42A3-9474-1A3956D46DE8}") = "Domain", "Domain", "{CD14317E-3030-4DC6-A37B-95DA90EF2E7A}"
EndProject
Project("{FAE04EC0-301F-11D3-BF4B-00C04F79EFBC}") = "CoachSeek.Data", "CoachSeek.Data\CoachSeek.Data.csproj", "{17844EAA-9E91-4E2D-A0D3-DB48AD369DE6}"
EndProject
Project("{FAE04EC0-301F-11D3-BF4B-00C04F79EFBC}") = "CoachSeek.Data.Tests.Unit", "CoachSeek.Data.Tests.Unit\CoachSeek.Data.Tests.Unit.csproj", "{75F4425E-99F9-4022-9370-C8696C7EAA0C}"
EndProject
Project("{FAE04EC0-301F-11D3-BF4B-00C04F79EFBC}") = "CoachSeek.Api", "CoachSeek.Api\CoachSeek.Api.csproj", "{6CB18427-B543-4DF4-8D9B-4A6EE6B90590}"
	ProjectSection(ProjectDependencies) = postProject
		{2875AD19-2538-4D25-B9BC-6E71E999C0E9} = {2875AD19-2538-4D25-B9BC-6E71E999C0E9}
		{15167C2D-BCD1-45C7-805F-29FF151083D3} = {15167C2D-BCD1-45C7-805F-29FF151083D3}
		{D8A5C03D-08B6-4DE3-9BAD-27F7AFB03DB9} = {D8A5C03D-08B6-4DE3-9BAD-27F7AFB03DB9}
		{23C99F42-6C8D-47A6-AC19-1638C002282A} = {23C99F42-6C8D-47A6-AC19-1638C002282A}
		{1164B058-17CE-47B4-9CC4-23E0ADA480D6} = {1164B058-17CE-47B4-9CC4-23E0ADA480D6}
		{64BDE56F-D7E8-4103-B5C4-CA10EE93366D} = {64BDE56F-D7E8-4103-B5C4-CA10EE93366D}
		{17844EAA-9E91-4E2D-A0D3-DB48AD369DE6} = {17844EAA-9E91-4E2D-A0D3-DB48AD369DE6}
		{9B38A5E3-AE19-4497-91E1-6D6F3FD6BBDF} = {9B38A5E3-AE19-4497-91E1-6D6F3FD6BBDF}
	EndProjectSection
EndProject
Project("{FAE04EC0-301F-11D3-BF4B-00C04F79EFBC}") = "CoachSeek.DataAccess.Authentication", "CoachSeek.DataAccess.Authentication\CoachSeek.DataAccess.Authentication.csproj", "{D8A5C03D-08B6-4DE3-9BAD-27F7AFB03DB9}"
EndProject
Project("{FAE04EC0-301F-11D3-BF4B-00C04F79EFBC}") = "CoachSeek.DataAccess.Main.Memory", "CoachSeek.DataAccess.Main.Memory\CoachSeek.DataAccess.Main.Memory.csproj", "{1164B058-17CE-47B4-9CC4-23E0ADA480D6}"
EndProject
Project("{FAE04EC0-301F-11D3-BF4B-00C04F79EFBC}") = "Coachseek.DataAccess.Main.SqlServer", "Coachseek.DataAccess.Main.SqlServer\Coachseek.DataAccess.Main.SqlServer.csproj", "{23C99F42-6C8D-47A6-AC19-1638C002282A}"
EndProject
Project("{00D1A9C2-B5F0-4AF3-8072-F6C62B433612}") = "Coachseek.Repository.SqlServerDatabase", "Coachseek.Repository.SqlServerDatabase\Coachseek.Repository.SqlServerDatabase.sqlproj", "{2C6A39F5-1290-488B-8F4A-40FA5CCC818C}"
EndProject
Project("{2150E333-8FDC-42A3-9474-1A3956D46DE8}") = "Integration", "Integration", "{2F106CB1-100A-47EE-A481-A8418149846C}"
EndProject
Project("{FAE04EC0-301F-11D3-BF4B-00C04F79EFBC}") = "Coachseek.Integration.Contracts", "Coachseek.Integration.Contracts\Coachseek.Integration.Contracts.csproj", "{A4372B73-FD12-46C8-9E82-F798770B079D}"
EndProject
Project("{FAE04EC0-301F-11D3-BF4B-00C04F79EFBC}") = "Coachseek.Integration.Emailing.Amazon", "Coachseek.Integration.Emailing.Amazon\Coachseek.Integration.Emailing.Amazon.csproj", "{15167C2D-BCD1-45C7-805F-29FF151083D3}"
EndProject
Project("{FAE04EC0-301F-11D3-BF4B-00C04F79EFBC}") = "Coachseek.DataAccess.TableStorage", "Coachseek.DataAccess.TableStorage\Coachseek.DataAccess.TableStorage.csproj", "{2875AD19-2538-4D25-B9BC-6E71E999C0E9}"
EndProject
Project("{FAE04EC0-301F-11D3-BF4B-00C04F79EFBC}") = "Coachseek.Integration.Tests.Unit", "Coachseek.Integration.Tests.Unit\Coachseek.Integration.Tests.Unit.csproj", "{7D6DD369-449E-49FF-879E-4123F5256140}"
EndProject
Project("{FAE04EC0-301F-11D3-BF4B-00C04F79EFBC}") = "Coachseek.Integration.Emailing.Amazon.Tester", "Coachseek.Integration.Emailing.Amazon.Tester\Coachseek.Integration.Emailing.Amazon.Tester.csproj", "{FF7EDA53-24F0-4F49-9165-9A390529FD68}"
EndProject
Project("{FAE04EC0-301F-11D3-BF4B-00C04F79EFBC}") = "Coachseek.Integration.Emailing.BouncedEmailProcessor", "BouncedEmailProcessor\Coachseek.Integration.Emailing.BouncedEmailProcessor.csproj", "{0A192757-4BEF-456F-AA61-F644DAA3423C}"
EndProject
Project("{FAE04EC0-301F-11D3-BF4B-00C04F79EFBC}") = "Coachseek.API.Client", "Coachseek.API.Client\Coachseek.API.Client.csproj", "{BCE21902-0020-49B4-89C4-347A97055F93}"
EndProject
Project("{2150E333-8FDC-42A3-9474-1A3956D46DE8}") = "Emailing", "Emailing", "{17A2BA56-06A8-4E7F-BC33-ED677EA3A530}"
EndProject
Project("{2150E333-8FDC-42A3-9474-1A3956D46DE8}") = "Payments", "Payments", "{C67F73B9-8807-4499-ACC1-705D383F7E56}"
EndProject
Project("{2150E333-8FDC-42A3-9474-1A3956D46DE8}") = "Infrastructure", "Infrastructure", "{340F31B1-9759-4770-AC42-0CC0F868AF33}"
EndProject
Project("{FAE04EC0-301F-11D3-BF4B-00C04F79EFBC}") = "Coachseek.Infrastructure.Queueing.Contracts", "Coachseek.Infrastructure.Queueing.Contracts\Coachseek.Infrastructure.Queueing.Contracts.csproj", "{7E834247-E081-4B11-87C9-7AE8DD0CF68F}"
EndProject
Project("{FAE04EC0-301F-11D3-BF4B-00C04F79EFBC}") = "Coachseek.Infrastructure.Queueing.Amazon", "Coachseek.Infrastructure.Queueing.Amazon\Coachseek.Infrastructure.Queueing.Amazon.csproj", "{34E62A74-B76E-4A1E-B692-9698D57D7C53}"
EndProject
Project("{FAE04EC0-301F-11D3-BF4B-00C04F79EFBC}") = "Coachseek.Infrastructure.Queueing.Azure", "Coachseek.Infrastructure.Queueing.Azure\Coachseek.Infrastructure.Queueing.Azure.csproj", "{1292845B-E1C1-479A-B050-7CA302ACC6A2}"
EndProject
Project("{FAE04EC0-301F-11D3-BF4B-00C04F79EFBC}") = "Coachseek.Infrastructure.Queueing.Tests.Unit", "Coachseek.Infrastructure.Queueing.Tests.Unit\Coachseek.Infrastructure.Queueing.Tests.Unit.csproj", "{6E85D3C1-2725-4E78-83FB-49B12F79BE2E}"
EndProject
Project("{FAE04EC0-301F-11D3-BF4B-00C04F79EFBC}") = "Coachseek.Integration.Payments.PaymentsProcessor", "Coachseek.Integration.Payments.PaymentsProcessor\Coachseek.Integration.Payments.PaymentsProcessor.csproj", "{D5B27288-CEA1-4BD9-B05C-DFC92610610A}"
	ProjectSection(ProjectDependencies) = postProject
		{64BDE56F-D7E8-4103-B5C4-CA10EE93366D} = {64BDE56F-D7E8-4103-B5C4-CA10EE93366D}
	EndProjectSection
EndProject
Project("{FAE04EC0-301F-11D3-BF4B-00C04F79EFBC}") = "Coachseek.Integration.Payments", "Coachseek.Integration.Payments\Coachseek.Integration.Payments.csproj", "{9BBD9A79-5253-477A-9FCB-0C0993375D44}"
EndProject
Project("{FAE04EC0-301F-11D3-BF4B-00C04F79EFBC}") = "Coachseek.Logging.Contracts", "Coachseek.Logging.Contracts\Coachseek.Logging.Contracts.csproj", "{417AAE9C-11B8-434B-8975-1C8DE8491115}"
EndProject
Project("{FAE04EC0-301F-11D3-BF4B-00C04F79EFBC}") = "Coachseek.Logging.Tests.Unit", "Coachseek.Logging.Tests.Unit\Coachseek.Logging.Tests.Unit.csproj", "{317019EB-DCEC-4CF4-BA26-AA47DA188683}"
EndProject
Project("{2150E333-8FDC-42A3-9474-1A3956D46DE8}") = "UserTracking", "UserTracking", "{2BC85DC0-C23A-413F-AB49-3403CF379C92}"
EndProject
Project("{FAE04EC0-301F-11D3-BF4B-00C04F79EFBC}") = "Coachseek.Integration.UserTracking", "Coachseek.Integration.UserTracking\Coachseek.Integration.UserTracking.csproj", "{BB38568D-A4A3-407A-B8F4-2ED35A531601}"
EndProject
Project("{2150E333-8FDC-42A3-9474-1A3956D46DE8}") = "DataImport", "DataImport", "{64A3644D-1FEA-4A7F-889E-2B4A2F1814F3}"
EndProject
Project("{FAE04EC0-301F-11D3-BF4B-00C04F79EFBC}") = "Coachseek.Integration.DataImport", "Coachseek.Integration.DataImport\Coachseek.Integration.DataImport.csproj", "{1B5460B6-3D64-476D-A7C8-5F430B55454A}"
EndProject
Project("{FAE04EC0-301F-11D3-BF4B-00C04F79EFBC}") = "Coachseek.Integration.DataImport.DataImportProcessor", "Coachseek.Integration.DataImport.DataImportProcessor\Coachseek.Integration.DataImport.DataImportProcessor.csproj", "{A9575D0E-EEC3-4C51-99C9-4FFBBECB9283}"
EndProject
Project("{2150E333-8FDC-42A3-9474-1A3956D46DE8}") = "Tools", "Tools", "{6A04D4B6-4320-4DBF-A91C-E10770822958}"
EndProject
Project("{FAE04EC0-301F-11D3-BF4B-00C04F79EFBC}") = "Coachseek.Tools.UpdateAzureUsersTableTool", "Coachseek.Tools.UpdateAzureUsersTableTool\Coachseek.Tools.UpdateAzureUsersTableTool.csproj", "{C56F78CE-9442-4F76-8865-22ADBE4253CC}"
EndProject
Global
	GlobalSection(SolutionConfigurationPlatforms) = preSolution
		Debug|Any CPU = Debug|Any CPU
		Debug|Mixed Platforms = Debug|Mixed Platforms
		Debug|x86 = Debug|x86
		Release|Any CPU = Release|Any CPU
		Release|Mixed Platforms = Release|Mixed Platforms
		Release|x86 = Release|x86
		Testing|Any CPU = Testing|Any CPU
		Testing|Mixed Platforms = Testing|Mixed Platforms
		Testing|x86 = Testing|x86
	EndGlobalSection
	GlobalSection(ProjectConfigurationPlatforms) = postSolution
		{50047D59-EA82-4435-A39C-6772F83A0C79}.Debug|Any CPU.ActiveCfg = Debug|Any CPU
		{50047D59-EA82-4435-A39C-6772F83A0C79}.Debug|Any CPU.Build.0 = Debug|Any CPU
		{50047D59-EA82-4435-A39C-6772F83A0C79}.Debug|Mixed Platforms.ActiveCfg = Debug|Any CPU
		{50047D59-EA82-4435-A39C-6772F83A0C79}.Debug|Mixed Platforms.Build.0 = Debug|Any CPU
		{50047D59-EA82-4435-A39C-6772F83A0C79}.Debug|x86.ActiveCfg = Debug|Any CPU
		{50047D59-EA82-4435-A39C-6772F83A0C79}.Release|Any CPU.ActiveCfg = Release|Any CPU
		{50047D59-EA82-4435-A39C-6772F83A0C79}.Release|Any CPU.Build.0 = Release|Any CPU
		{50047D59-EA82-4435-A39C-6772F83A0C79}.Release|Mixed Platforms.ActiveCfg = Release|Any CPU
		{50047D59-EA82-4435-A39C-6772F83A0C79}.Release|Mixed Platforms.Build.0 = Release|Any CPU
		{50047D59-EA82-4435-A39C-6772F83A0C79}.Release|x86.ActiveCfg = Release|Any CPU
		{50047D59-EA82-4435-A39C-6772F83A0C79}.Testing|Any CPU.ActiveCfg = Testing|Any CPU
		{50047D59-EA82-4435-A39C-6772F83A0C79}.Testing|Any CPU.Build.0 = Testing|Any CPU
		{50047D59-EA82-4435-A39C-6772F83A0C79}.Testing|Mixed Platforms.ActiveCfg = Testing|Any CPU
		{50047D59-EA82-4435-A39C-6772F83A0C79}.Testing|Mixed Platforms.Build.0 = Testing|Any CPU
		{50047D59-EA82-4435-A39C-6772F83A0C79}.Testing|x86.ActiveCfg = Testing|Any CPU
		{2BCE0E8A-CF47-448E-B78E-50A2BF1BD99A}.Debug|Any CPU.ActiveCfg = Debug|Any CPU
		{2BCE0E8A-CF47-448E-B78E-50A2BF1BD99A}.Debug|Any CPU.Build.0 = Debug|Any CPU
		{2BCE0E8A-CF47-448E-B78E-50A2BF1BD99A}.Debug|Mixed Platforms.ActiveCfg = Debug|Any CPU
		{2BCE0E8A-CF47-448E-B78E-50A2BF1BD99A}.Debug|Mixed Platforms.Build.0 = Debug|Any CPU
		{2BCE0E8A-CF47-448E-B78E-50A2BF1BD99A}.Debug|x86.ActiveCfg = Debug|Any CPU
		{2BCE0E8A-CF47-448E-B78E-50A2BF1BD99A}.Release|Any CPU.ActiveCfg = Release|Any CPU
		{2BCE0E8A-CF47-448E-B78E-50A2BF1BD99A}.Release|Any CPU.Build.0 = Release|Any CPU
		{2BCE0E8A-CF47-448E-B78E-50A2BF1BD99A}.Release|Mixed Platforms.ActiveCfg = Release|Any CPU
		{2BCE0E8A-CF47-448E-B78E-50A2BF1BD99A}.Release|Mixed Platforms.Build.0 = Release|Any CPU
		{2BCE0E8A-CF47-448E-B78E-50A2BF1BD99A}.Release|x86.ActiveCfg = Release|Any CPU
		{2BCE0E8A-CF47-448E-B78E-50A2BF1BD99A}.Testing|Any CPU.ActiveCfg = Testing|Any CPU
		{2BCE0E8A-CF47-448E-B78E-50A2BF1BD99A}.Testing|Any CPU.Build.0 = Testing|Any CPU
		{2BCE0E8A-CF47-448E-B78E-50A2BF1BD99A}.Testing|Mixed Platforms.ActiveCfg = Testing|Any CPU
		{2BCE0E8A-CF47-448E-B78E-50A2BF1BD99A}.Testing|Mixed Platforms.Build.0 = Testing|Any CPU
		{2BCE0E8A-CF47-448E-B78E-50A2BF1BD99A}.Testing|x86.ActiveCfg = Testing|Any CPU
		{C866CC66-5A80-4D65-B0B1-F9EA84B79CF4}.Debug|Any CPU.ActiveCfg = Debug|Any CPU
		{C866CC66-5A80-4D65-B0B1-F9EA84B79CF4}.Debug|Any CPU.Build.0 = Debug|Any CPU
		{C866CC66-5A80-4D65-B0B1-F9EA84B79CF4}.Debug|Mixed Platforms.ActiveCfg = Debug|Any CPU
		{C866CC66-5A80-4D65-B0B1-F9EA84B79CF4}.Debug|Mixed Platforms.Build.0 = Debug|Any CPU
		{C866CC66-5A80-4D65-B0B1-F9EA84B79CF4}.Debug|x86.ActiveCfg = Debug|Any CPU
		{C866CC66-5A80-4D65-B0B1-F9EA84B79CF4}.Release|Any CPU.ActiveCfg = Release|Any CPU
		{C866CC66-5A80-4D65-B0B1-F9EA84B79CF4}.Release|Any CPU.Build.0 = Release|Any CPU
		{C866CC66-5A80-4D65-B0B1-F9EA84B79CF4}.Release|Mixed Platforms.ActiveCfg = Release|Any CPU
		{C866CC66-5A80-4D65-B0B1-F9EA84B79CF4}.Release|Mixed Platforms.Build.0 = Release|Any CPU
		{C866CC66-5A80-4D65-B0B1-F9EA84B79CF4}.Release|x86.ActiveCfg = Release|Any CPU
		{C866CC66-5A80-4D65-B0B1-F9EA84B79CF4}.Testing|Any CPU.ActiveCfg = Testing|Any CPU
		{C866CC66-5A80-4D65-B0B1-F9EA84B79CF4}.Testing|Any CPU.Build.0 = Testing|Any CPU
		{C866CC66-5A80-4D65-B0B1-F9EA84B79CF4}.Testing|Mixed Platforms.ActiveCfg = Testing|Any CPU
		{C866CC66-5A80-4D65-B0B1-F9EA84B79CF4}.Testing|Mixed Platforms.Build.0 = Testing|Any CPU
		{C866CC66-5A80-4D65-B0B1-F9EA84B79CF4}.Testing|x86.ActiveCfg = Testing|Any CPU
		{64BDE56F-D7E8-4103-B5C4-CA10EE93366D}.Debug|Any CPU.ActiveCfg = Debug|Any CPU
		{64BDE56F-D7E8-4103-B5C4-CA10EE93366D}.Debug|Any CPU.Build.0 = Debug|Any CPU
		{64BDE56F-D7E8-4103-B5C4-CA10EE93366D}.Debug|Mixed Platforms.ActiveCfg = Debug|Any CPU
		{64BDE56F-D7E8-4103-B5C4-CA10EE93366D}.Debug|Mixed Platforms.Build.0 = Debug|Any CPU
		{64BDE56F-D7E8-4103-B5C4-CA10EE93366D}.Debug|x86.ActiveCfg = Debug|Any CPU
		{64BDE56F-D7E8-4103-B5C4-CA10EE93366D}.Release|Any CPU.ActiveCfg = Release|Any CPU
		{64BDE56F-D7E8-4103-B5C4-CA10EE93366D}.Release|Any CPU.Build.0 = Release|Any CPU
		{64BDE56F-D7E8-4103-B5C4-CA10EE93366D}.Release|Mixed Platforms.ActiveCfg = Release|Any CPU
		{64BDE56F-D7E8-4103-B5C4-CA10EE93366D}.Release|Mixed Platforms.Build.0 = Release|Any CPU
		{64BDE56F-D7E8-4103-B5C4-CA10EE93366D}.Release|x86.ActiveCfg = Release|Any CPU
		{64BDE56F-D7E8-4103-B5C4-CA10EE93366D}.Testing|Any CPU.ActiveCfg = Testing|Any CPU
		{64BDE56F-D7E8-4103-B5C4-CA10EE93366D}.Testing|Any CPU.Build.0 = Testing|Any CPU
		{64BDE56F-D7E8-4103-B5C4-CA10EE93366D}.Testing|Mixed Platforms.ActiveCfg = Testing|Any CPU
		{64BDE56F-D7E8-4103-B5C4-CA10EE93366D}.Testing|Mixed Platforms.Build.0 = Testing|Any CPU
		{64BDE56F-D7E8-4103-B5C4-CA10EE93366D}.Testing|x86.ActiveCfg = Testing|Any CPU
		{9B38A5E3-AE19-4497-91E1-6D6F3FD6BBDF}.Debug|Any CPU.ActiveCfg = Debug|Any CPU
		{9B38A5E3-AE19-4497-91E1-6D6F3FD6BBDF}.Debug|Any CPU.Build.0 = Debug|Any CPU
		{9B38A5E3-AE19-4497-91E1-6D6F3FD6BBDF}.Debug|Mixed Platforms.ActiveCfg = Debug|Any CPU
		{9B38A5E3-AE19-4497-91E1-6D6F3FD6BBDF}.Debug|Mixed Platforms.Build.0 = Debug|Any CPU
		{9B38A5E3-AE19-4497-91E1-6D6F3FD6BBDF}.Debug|x86.ActiveCfg = Debug|Any CPU
		{9B38A5E3-AE19-4497-91E1-6D6F3FD6BBDF}.Release|Any CPU.ActiveCfg = Release|Any CPU
		{9B38A5E3-AE19-4497-91E1-6D6F3FD6BBDF}.Release|Any CPU.Build.0 = Release|Any CPU
		{9B38A5E3-AE19-4497-91E1-6D6F3FD6BBDF}.Release|Mixed Platforms.ActiveCfg = Release|Any CPU
		{9B38A5E3-AE19-4497-91E1-6D6F3FD6BBDF}.Release|Mixed Platforms.Build.0 = Release|Any CPU
		{9B38A5E3-AE19-4497-91E1-6D6F3FD6BBDF}.Release|x86.ActiveCfg = Release|Any CPU
		{9B38A5E3-AE19-4497-91E1-6D6F3FD6BBDF}.Testing|Any CPU.ActiveCfg = Testing|Any CPU
		{9B38A5E3-AE19-4497-91E1-6D6F3FD6BBDF}.Testing|Any CPU.Build.0 = Testing|Any CPU
		{9B38A5E3-AE19-4497-91E1-6D6F3FD6BBDF}.Testing|Mixed Platforms.ActiveCfg = Testing|Any CPU
		{9B38A5E3-AE19-4497-91E1-6D6F3FD6BBDF}.Testing|Mixed Platforms.Build.0 = Testing|Any CPU
		{9B38A5E3-AE19-4497-91E1-6D6F3FD6BBDF}.Testing|x86.ActiveCfg = Testing|Any CPU
		{2D91E32D-170C-4E38-A9E5-C5232DAA9552}.Debug|Any CPU.ActiveCfg = Debug|Any CPU
		{2D91E32D-170C-4E38-A9E5-C5232DAA9552}.Debug|Any CPU.Build.0 = Debug|Any CPU
		{2D91E32D-170C-4E38-A9E5-C5232DAA9552}.Debug|Mixed Platforms.ActiveCfg = Debug|Any CPU
		{2D91E32D-170C-4E38-A9E5-C5232DAA9552}.Debug|Mixed Platforms.Build.0 = Debug|Any CPU
		{2D91E32D-170C-4E38-A9E5-C5232DAA9552}.Debug|x86.ActiveCfg = Debug|Any CPU
		{2D91E32D-170C-4E38-A9E5-C5232DAA9552}.Release|Any CPU.ActiveCfg = Release|Any CPU
		{2D91E32D-170C-4E38-A9E5-C5232DAA9552}.Release|Any CPU.Build.0 = Release|Any CPU
		{2D91E32D-170C-4E38-A9E5-C5232DAA9552}.Release|Mixed Platforms.ActiveCfg = Release|Any CPU
		{2D91E32D-170C-4E38-A9E5-C5232DAA9552}.Release|Mixed Platforms.Build.0 = Release|Any CPU
		{2D91E32D-170C-4E38-A9E5-C5232DAA9552}.Release|x86.ActiveCfg = Release|Any CPU
		{2D91E32D-170C-4E38-A9E5-C5232DAA9552}.Testing|Any CPU.ActiveCfg = Testing|Any CPU
		{2D91E32D-170C-4E38-A9E5-C5232DAA9552}.Testing|Any CPU.Build.0 = Testing|Any CPU
		{2D91E32D-170C-4E38-A9E5-C5232DAA9552}.Testing|Mixed Platforms.ActiveCfg = Testing|Any CPU
		{2D91E32D-170C-4E38-A9E5-C5232DAA9552}.Testing|Mixed Platforms.Build.0 = Testing|Any CPU
		{2D91E32D-170C-4E38-A9E5-C5232DAA9552}.Testing|x86.ActiveCfg = Testing|Any CPU
		{6DF0A6DA-4ED1-4DA5-835C-929AFDF4FC79}.Debug|Any CPU.ActiveCfg = Debug|Any CPU
		{6DF0A6DA-4ED1-4DA5-835C-929AFDF4FC79}.Debug|Any CPU.Build.0 = Debug|Any CPU
		{6DF0A6DA-4ED1-4DA5-835C-929AFDF4FC79}.Debug|Mixed Platforms.ActiveCfg = Debug|Any CPU
		{6DF0A6DA-4ED1-4DA5-835C-929AFDF4FC79}.Debug|Mixed Platforms.Build.0 = Debug|Any CPU
		{6DF0A6DA-4ED1-4DA5-835C-929AFDF4FC79}.Debug|x86.ActiveCfg = Debug|Any CPU
		{6DF0A6DA-4ED1-4DA5-835C-929AFDF4FC79}.Release|Any CPU.ActiveCfg = Release|Any CPU
		{6DF0A6DA-4ED1-4DA5-835C-929AFDF4FC79}.Release|Any CPU.Build.0 = Release|Any CPU
		{6DF0A6DA-4ED1-4DA5-835C-929AFDF4FC79}.Release|Mixed Platforms.ActiveCfg = Release|Any CPU
		{6DF0A6DA-4ED1-4DA5-835C-929AFDF4FC79}.Release|Mixed Platforms.Build.0 = Release|Any CPU
		{6DF0A6DA-4ED1-4DA5-835C-929AFDF4FC79}.Release|x86.ActiveCfg = Release|Any CPU
		{6DF0A6DA-4ED1-4DA5-835C-929AFDF4FC79}.Testing|Any CPU.ActiveCfg = Testing|Any CPU
		{6DF0A6DA-4ED1-4DA5-835C-929AFDF4FC79}.Testing|Any CPU.Build.0 = Testing|Any CPU
		{6DF0A6DA-4ED1-4DA5-835C-929AFDF4FC79}.Testing|Mixed Platforms.ActiveCfg = Testing|Any CPU
		{6DF0A6DA-4ED1-4DA5-835C-929AFDF4FC79}.Testing|Mixed Platforms.Build.0 = Testing|Any CPU
		{6DF0A6DA-4ED1-4DA5-835C-929AFDF4FC79}.Testing|x86.ActiveCfg = Testing|Any CPU
		{17844EAA-9E91-4E2D-A0D3-DB48AD369DE6}.Debug|Any CPU.ActiveCfg = Debug|Any CPU
		{17844EAA-9E91-4E2D-A0D3-DB48AD369DE6}.Debug|Any CPU.Build.0 = Debug|Any CPU
		{17844EAA-9E91-4E2D-A0D3-DB48AD369DE6}.Debug|Mixed Platforms.ActiveCfg = Debug|Any CPU
		{17844EAA-9E91-4E2D-A0D3-DB48AD369DE6}.Debug|Mixed Platforms.Build.0 = Debug|Any CPU
		{17844EAA-9E91-4E2D-A0D3-DB48AD369DE6}.Debug|x86.ActiveCfg = Debug|Any CPU
		{17844EAA-9E91-4E2D-A0D3-DB48AD369DE6}.Release|Any CPU.ActiveCfg = Release|Any CPU
		{17844EAA-9E91-4E2D-A0D3-DB48AD369DE6}.Release|Any CPU.Build.0 = Release|Any CPU
		{17844EAA-9E91-4E2D-A0D3-DB48AD369DE6}.Release|Mixed Platforms.ActiveCfg = Release|Any CPU
		{17844EAA-9E91-4E2D-A0D3-DB48AD369DE6}.Release|Mixed Platforms.Build.0 = Release|Any CPU
		{17844EAA-9E91-4E2D-A0D3-DB48AD369DE6}.Release|x86.ActiveCfg = Release|Any CPU
		{17844EAA-9E91-4E2D-A0D3-DB48AD369DE6}.Testing|Any CPU.ActiveCfg = Testing|Any CPU
		{17844EAA-9E91-4E2D-A0D3-DB48AD369DE6}.Testing|Any CPU.Build.0 = Testing|Any CPU
		{17844EAA-9E91-4E2D-A0D3-DB48AD369DE6}.Testing|Mixed Platforms.ActiveCfg = Testing|Any CPU
		{17844EAA-9E91-4E2D-A0D3-DB48AD369DE6}.Testing|Mixed Platforms.Build.0 = Testing|Any CPU
		{17844EAA-9E91-4E2D-A0D3-DB48AD369DE6}.Testing|x86.ActiveCfg = Testing|Any CPU
		{75F4425E-99F9-4022-9370-C8696C7EAA0C}.Debug|Any CPU.ActiveCfg = Debug|Any CPU
		{75F4425E-99F9-4022-9370-C8696C7EAA0C}.Debug|Any CPU.Build.0 = Debug|Any CPU
		{75F4425E-99F9-4022-9370-C8696C7EAA0C}.Debug|Mixed Platforms.ActiveCfg = Debug|Any CPU
		{75F4425E-99F9-4022-9370-C8696C7EAA0C}.Debug|Mixed Platforms.Build.0 = Debug|Any CPU
		{75F4425E-99F9-4022-9370-C8696C7EAA0C}.Debug|x86.ActiveCfg = Debug|Any CPU
		{75F4425E-99F9-4022-9370-C8696C7EAA0C}.Release|Any CPU.ActiveCfg = Release|Any CPU
		{75F4425E-99F9-4022-9370-C8696C7EAA0C}.Release|Any CPU.Build.0 = Release|Any CPU
		{75F4425E-99F9-4022-9370-C8696C7EAA0C}.Release|Mixed Platforms.ActiveCfg = Release|Any CPU
		{75F4425E-99F9-4022-9370-C8696C7EAA0C}.Release|Mixed Platforms.Build.0 = Release|Any CPU
		{75F4425E-99F9-4022-9370-C8696C7EAA0C}.Release|x86.ActiveCfg = Release|Any CPU
		{75F4425E-99F9-4022-9370-C8696C7EAA0C}.Testing|Any CPU.ActiveCfg = Testing|Any CPU
		{75F4425E-99F9-4022-9370-C8696C7EAA0C}.Testing|Any CPU.Build.0 = Testing|Any CPU
		{75F4425E-99F9-4022-9370-C8696C7EAA0C}.Testing|Mixed Platforms.ActiveCfg = Testing|Any CPU
		{75F4425E-99F9-4022-9370-C8696C7EAA0C}.Testing|Mixed Platforms.Build.0 = Testing|Any CPU
		{75F4425E-99F9-4022-9370-C8696C7EAA0C}.Testing|x86.ActiveCfg = Testing|Any CPU
		{6CB18427-B543-4DF4-8D9B-4A6EE6B90590}.Debug|Any CPU.ActiveCfg = Debug|Any CPU
		{6CB18427-B543-4DF4-8D9B-4A6EE6B90590}.Debug|Any CPU.Build.0 = Debug|Any CPU
		{6CB18427-B543-4DF4-8D9B-4A6EE6B90590}.Debug|Mixed Platforms.ActiveCfg = Debug|Any CPU
		{6CB18427-B543-4DF4-8D9B-4A6EE6B90590}.Debug|Mixed Platforms.Build.0 = Debug|Any CPU
		{6CB18427-B543-4DF4-8D9B-4A6EE6B90590}.Debug|x86.ActiveCfg = Debug|Any CPU
		{6CB18427-B543-4DF4-8D9B-4A6EE6B90590}.Release|Any CPU.ActiveCfg = Release|Any CPU
		{6CB18427-B543-4DF4-8D9B-4A6EE6B90590}.Release|Any CPU.Build.0 = Release|Any CPU
		{6CB18427-B543-4DF4-8D9B-4A6EE6B90590}.Release|Mixed Platforms.ActiveCfg = Release|Any CPU
		{6CB18427-B543-4DF4-8D9B-4A6EE6B90590}.Release|Mixed Platforms.Build.0 = Release|Any CPU
		{6CB18427-B543-4DF4-8D9B-4A6EE6B90590}.Release|x86.ActiveCfg = Release|Any CPU
		{6CB18427-B543-4DF4-8D9B-4A6EE6B90590}.Testing|Any CPU.ActiveCfg = Testing|Any CPU
		{6CB18427-B543-4DF4-8D9B-4A6EE6B90590}.Testing|Any CPU.Build.0 = Testing|Any CPU
		{6CB18427-B543-4DF4-8D9B-4A6EE6B90590}.Testing|Mixed Platforms.ActiveCfg = Testing|Any CPU
		{6CB18427-B543-4DF4-8D9B-4A6EE6B90590}.Testing|Mixed Platforms.Build.0 = Testing|Any CPU
		{6CB18427-B543-4DF4-8D9B-4A6EE6B90590}.Testing|x86.ActiveCfg = Testing|Any CPU
		{D8A5C03D-08B6-4DE3-9BAD-27F7AFB03DB9}.Debug|Any CPU.ActiveCfg = Debug|Any CPU
		{D8A5C03D-08B6-4DE3-9BAD-27F7AFB03DB9}.Debug|Any CPU.Build.0 = Debug|Any CPU
		{D8A5C03D-08B6-4DE3-9BAD-27F7AFB03DB9}.Debug|Mixed Platforms.ActiveCfg = Debug|Any CPU
		{D8A5C03D-08B6-4DE3-9BAD-27F7AFB03DB9}.Debug|Mixed Platforms.Build.0 = Debug|Any CPU
		{D8A5C03D-08B6-4DE3-9BAD-27F7AFB03DB9}.Debug|x86.ActiveCfg = Debug|Any CPU
		{D8A5C03D-08B6-4DE3-9BAD-27F7AFB03DB9}.Release|Any CPU.ActiveCfg = Release|Any CPU
		{D8A5C03D-08B6-4DE3-9BAD-27F7AFB03DB9}.Release|Any CPU.Build.0 = Release|Any CPU
		{D8A5C03D-08B6-4DE3-9BAD-27F7AFB03DB9}.Release|Mixed Platforms.ActiveCfg = Release|Any CPU
		{D8A5C03D-08B6-4DE3-9BAD-27F7AFB03DB9}.Release|Mixed Platforms.Build.0 = Release|Any CPU
		{D8A5C03D-08B6-4DE3-9BAD-27F7AFB03DB9}.Release|x86.ActiveCfg = Release|Any CPU
		{D8A5C03D-08B6-4DE3-9BAD-27F7AFB03DB9}.Testing|Any CPU.ActiveCfg = Testing|Any CPU
		{D8A5C03D-08B6-4DE3-9BAD-27F7AFB03DB9}.Testing|Any CPU.Build.0 = Testing|Any CPU
		{D8A5C03D-08B6-4DE3-9BAD-27F7AFB03DB9}.Testing|Mixed Platforms.ActiveCfg = Testing|Any CPU
		{D8A5C03D-08B6-4DE3-9BAD-27F7AFB03DB9}.Testing|Mixed Platforms.Build.0 = Testing|Any CPU
		{D8A5C03D-08B6-4DE3-9BAD-27F7AFB03DB9}.Testing|x86.ActiveCfg = Testing|Any CPU
		{1164B058-17CE-47B4-9CC4-23E0ADA480D6}.Debug|Any CPU.ActiveCfg = Debug|Any CPU
		{1164B058-17CE-47B4-9CC4-23E0ADA480D6}.Debug|Any CPU.Build.0 = Debug|Any CPU
		{1164B058-17CE-47B4-9CC4-23E0ADA480D6}.Debug|Mixed Platforms.ActiveCfg = Debug|Any CPU
		{1164B058-17CE-47B4-9CC4-23E0ADA480D6}.Debug|Mixed Platforms.Build.0 = Debug|Any CPU
		{1164B058-17CE-47B4-9CC4-23E0ADA480D6}.Debug|x86.ActiveCfg = Debug|Any CPU
		{1164B058-17CE-47B4-9CC4-23E0ADA480D6}.Release|Any CPU.ActiveCfg = Release|Any CPU
		{1164B058-17CE-47B4-9CC4-23E0ADA480D6}.Release|Any CPU.Build.0 = Release|Any CPU
		{1164B058-17CE-47B4-9CC4-23E0ADA480D6}.Release|Mixed Platforms.ActiveCfg = Release|Any CPU
		{1164B058-17CE-47B4-9CC4-23E0ADA480D6}.Release|Mixed Platforms.Build.0 = Release|Any CPU
		{1164B058-17CE-47B4-9CC4-23E0ADA480D6}.Release|x86.ActiveCfg = Release|Any CPU
		{1164B058-17CE-47B4-9CC4-23E0ADA480D6}.Testing|Any CPU.ActiveCfg = Testing|Any CPU
		{1164B058-17CE-47B4-9CC4-23E0ADA480D6}.Testing|Any CPU.Build.0 = Testing|Any CPU
		{1164B058-17CE-47B4-9CC4-23E0ADA480D6}.Testing|Mixed Platforms.ActiveCfg = Testing|Any CPU
		{1164B058-17CE-47B4-9CC4-23E0ADA480D6}.Testing|Mixed Platforms.Build.0 = Testing|Any CPU
		{1164B058-17CE-47B4-9CC4-23E0ADA480D6}.Testing|x86.ActiveCfg = Testing|Any CPU
		{23C99F42-6C8D-47A6-AC19-1638C002282A}.Debug|Any CPU.ActiveCfg = Debug|Any CPU
		{23C99F42-6C8D-47A6-AC19-1638C002282A}.Debug|Any CPU.Build.0 = Debug|Any CPU
		{23C99F42-6C8D-47A6-AC19-1638C002282A}.Debug|Mixed Platforms.ActiveCfg = Debug|Any CPU
		{23C99F42-6C8D-47A6-AC19-1638C002282A}.Debug|Mixed Platforms.Build.0 = Debug|Any CPU
		{23C99F42-6C8D-47A6-AC19-1638C002282A}.Debug|x86.ActiveCfg = Debug|Any CPU
		{23C99F42-6C8D-47A6-AC19-1638C002282A}.Release|Any CPU.ActiveCfg = Release|Any CPU
		{23C99F42-6C8D-47A6-AC19-1638C002282A}.Release|Any CPU.Build.0 = Release|Any CPU
		{23C99F42-6C8D-47A6-AC19-1638C002282A}.Release|Mixed Platforms.ActiveCfg = Release|Any CPU
		{23C99F42-6C8D-47A6-AC19-1638C002282A}.Release|Mixed Platforms.Build.0 = Release|Any CPU
		{23C99F42-6C8D-47A6-AC19-1638C002282A}.Release|x86.ActiveCfg = Release|Any CPU
		{23C99F42-6C8D-47A6-AC19-1638C002282A}.Testing|Any CPU.ActiveCfg = Testing|Any CPU
		{23C99F42-6C8D-47A6-AC19-1638C002282A}.Testing|Any CPU.Build.0 = Testing|Any CPU
		{23C99F42-6C8D-47A6-AC19-1638C002282A}.Testing|Mixed Platforms.ActiveCfg = Testing|Any CPU
		{23C99F42-6C8D-47A6-AC19-1638C002282A}.Testing|Mixed Platforms.Build.0 = Testing|Any CPU
		{23C99F42-6C8D-47A6-AC19-1638C002282A}.Testing|x86.ActiveCfg = Testing|Any CPU
		{2C6A39F5-1290-488B-8F4A-40FA5CCC818C}.Debug|Any CPU.ActiveCfg = Debug|Any CPU
		{2C6A39F5-1290-488B-8F4A-40FA5CCC818C}.Debug|Any CPU.Build.0 = Debug|Any CPU
		{2C6A39F5-1290-488B-8F4A-40FA5CCC818C}.Debug|Any CPU.Deploy.0 = Debug|Any CPU
		{2C6A39F5-1290-488B-8F4A-40FA5CCC818C}.Debug|Mixed Platforms.ActiveCfg = Debug|Any CPU
		{2C6A39F5-1290-488B-8F4A-40FA5CCC818C}.Debug|Mixed Platforms.Build.0 = Debug|Any CPU
		{2C6A39F5-1290-488B-8F4A-40FA5CCC818C}.Debug|Mixed Platforms.Deploy.0 = Debug|Any CPU
		{2C6A39F5-1290-488B-8F4A-40FA5CCC818C}.Debug|x86.ActiveCfg = Debug|Any CPU
		{2C6A39F5-1290-488B-8F4A-40FA5CCC818C}.Release|Any CPU.ActiveCfg = Release|Any CPU
		{2C6A39F5-1290-488B-8F4A-40FA5CCC818C}.Release|Any CPU.Build.0 = Release|Any CPU
		{2C6A39F5-1290-488B-8F4A-40FA5CCC818C}.Release|Any CPU.Deploy.0 = Release|Any CPU
		{2C6A39F5-1290-488B-8F4A-40FA5CCC818C}.Release|Mixed Platforms.ActiveCfg = Release|Any CPU
		{2C6A39F5-1290-488B-8F4A-40FA5CCC818C}.Release|Mixed Platforms.Build.0 = Release|Any CPU
		{2C6A39F5-1290-488B-8F4A-40FA5CCC818C}.Release|Mixed Platforms.Deploy.0 = Release|Any CPU
		{2C6A39F5-1290-488B-8F4A-40FA5CCC818C}.Release|x86.ActiveCfg = Release|Any CPU
		{2C6A39F5-1290-488B-8F4A-40FA5CCC818C}.Testing|Any CPU.ActiveCfg = Testing|Any CPU
		{2C6A39F5-1290-488B-8F4A-40FA5CCC818C}.Testing|Any CPU.Build.0 = Testing|Any CPU
		{2C6A39F5-1290-488B-8F4A-40FA5CCC818C}.Testing|Any CPU.Deploy.0 = Testing|Any CPU
		{2C6A39F5-1290-488B-8F4A-40FA5CCC818C}.Testing|Mixed Platforms.ActiveCfg = Testing|Any CPU
		{2C6A39F5-1290-488B-8F4A-40FA5CCC818C}.Testing|Mixed Platforms.Build.0 = Testing|Any CPU
		{2C6A39F5-1290-488B-8F4A-40FA5CCC818C}.Testing|Mixed Platforms.Deploy.0 = Testing|Any CPU
		{2C6A39F5-1290-488B-8F4A-40FA5CCC818C}.Testing|x86.ActiveCfg = Testing|Any CPU
		{A4372B73-FD12-46C8-9E82-F798770B079D}.Debug|Any CPU.ActiveCfg = Debug|Any CPU
		{A4372B73-FD12-46C8-9E82-F798770B079D}.Debug|Any CPU.Build.0 = Debug|Any CPU
		{A4372B73-FD12-46C8-9E82-F798770B079D}.Debug|Mixed Platforms.ActiveCfg = Debug|Any CPU
		{A4372B73-FD12-46C8-9E82-F798770B079D}.Debug|Mixed Platforms.Build.0 = Debug|Any CPU
		{A4372B73-FD12-46C8-9E82-F798770B079D}.Debug|x86.ActiveCfg = Debug|Any CPU
		{A4372B73-FD12-46C8-9E82-F798770B079D}.Release|Any CPU.ActiveCfg = Release|Any CPU
		{A4372B73-FD12-46C8-9E82-F798770B079D}.Release|Any CPU.Build.0 = Release|Any CPU
		{A4372B73-FD12-46C8-9E82-F798770B079D}.Release|Mixed Platforms.ActiveCfg = Release|Any CPU
		{A4372B73-FD12-46C8-9E82-F798770B079D}.Release|Mixed Platforms.Build.0 = Release|Any CPU
		{A4372B73-FD12-46C8-9E82-F798770B079D}.Release|x86.ActiveCfg = Release|Any CPU
		{A4372B73-FD12-46C8-9E82-F798770B079D}.Testing|Any CPU.ActiveCfg = Testing|Any CPU
		{A4372B73-FD12-46C8-9E82-F798770B079D}.Testing|Any CPU.Build.0 = Testing|Any CPU
		{A4372B73-FD12-46C8-9E82-F798770B079D}.Testing|Mixed Platforms.ActiveCfg = Testing|Any CPU
		{A4372B73-FD12-46C8-9E82-F798770B079D}.Testing|Mixed Platforms.Build.0 = Testing|Any CPU
		{A4372B73-FD12-46C8-9E82-F798770B079D}.Testing|x86.ActiveCfg = Testing|Any CPU
		{15167C2D-BCD1-45C7-805F-29FF151083D3}.Debug|Any CPU.ActiveCfg = Debug|Any CPU
		{15167C2D-BCD1-45C7-805F-29FF151083D3}.Debug|Any CPU.Build.0 = Debug|Any CPU
		{15167C2D-BCD1-45C7-805F-29FF151083D3}.Debug|Mixed Platforms.ActiveCfg = Debug|Any CPU
		{15167C2D-BCD1-45C7-805F-29FF151083D3}.Debug|Mixed Platforms.Build.0 = Debug|Any CPU
		{15167C2D-BCD1-45C7-805F-29FF151083D3}.Debug|x86.ActiveCfg = Debug|Any CPU
		{15167C2D-BCD1-45C7-805F-29FF151083D3}.Release|Any CPU.ActiveCfg = Release|Any CPU
		{15167C2D-BCD1-45C7-805F-29FF151083D3}.Release|Any CPU.Build.0 = Release|Any CPU
		{15167C2D-BCD1-45C7-805F-29FF151083D3}.Release|Mixed Platforms.ActiveCfg = Release|Any CPU
		{15167C2D-BCD1-45C7-805F-29FF151083D3}.Release|Mixed Platforms.Build.0 = Release|Any CPU
		{15167C2D-BCD1-45C7-805F-29FF151083D3}.Release|x86.ActiveCfg = Release|Any CPU
		{15167C2D-BCD1-45C7-805F-29FF151083D3}.Testing|Any CPU.ActiveCfg = Testing|Any CPU
		{15167C2D-BCD1-45C7-805F-29FF151083D3}.Testing|Any CPU.Build.0 = Testing|Any CPU
		{15167C2D-BCD1-45C7-805F-29FF151083D3}.Testing|Mixed Platforms.ActiveCfg = Testing|Any CPU
		{15167C2D-BCD1-45C7-805F-29FF151083D3}.Testing|Mixed Platforms.Build.0 = Testing|Any CPU
		{15167C2D-BCD1-45C7-805F-29FF151083D3}.Testing|x86.ActiveCfg = Testing|Any CPU
		{2875AD19-2538-4D25-B9BC-6E71E999C0E9}.Debug|Any CPU.ActiveCfg = Debug|Any CPU
		{2875AD19-2538-4D25-B9BC-6E71E999C0E9}.Debug|Any CPU.Build.0 = Debug|Any CPU
		{2875AD19-2538-4D25-B9BC-6E71E999C0E9}.Debug|Mixed Platforms.ActiveCfg = Debug|Any CPU
		{2875AD19-2538-4D25-B9BC-6E71E999C0E9}.Debug|Mixed Platforms.Build.0 = Debug|Any CPU
		{2875AD19-2538-4D25-B9BC-6E71E999C0E9}.Debug|x86.ActiveCfg = Debug|Any CPU
		{2875AD19-2538-4D25-B9BC-6E71E999C0E9}.Release|Any CPU.ActiveCfg = Release|Any CPU
		{2875AD19-2538-4D25-B9BC-6E71E999C0E9}.Release|Any CPU.Build.0 = Release|Any CPU
		{2875AD19-2538-4D25-B9BC-6E71E999C0E9}.Release|Mixed Platforms.ActiveCfg = Release|Any CPU
		{2875AD19-2538-4D25-B9BC-6E71E999C0E9}.Release|Mixed Platforms.Build.0 = Release|Any CPU
		{2875AD19-2538-4D25-B9BC-6E71E999C0E9}.Release|x86.ActiveCfg = Release|Any CPU
		{2875AD19-2538-4D25-B9BC-6E71E999C0E9}.Testing|Any CPU.ActiveCfg = Testing|Any CPU
		{2875AD19-2538-4D25-B9BC-6E71E999C0E9}.Testing|Any CPU.Build.0 = Testing|Any CPU
		{2875AD19-2538-4D25-B9BC-6E71E999C0E9}.Testing|Mixed Platforms.ActiveCfg = Testing|Any CPU
		{2875AD19-2538-4D25-B9BC-6E71E999C0E9}.Testing|Mixed Platforms.Build.0 = Testing|Any CPU
		{2875AD19-2538-4D25-B9BC-6E71E999C0E9}.Testing|x86.ActiveCfg = Testing|Any CPU
		{7D6DD369-449E-49FF-879E-4123F5256140}.Debug|Any CPU.ActiveCfg = Debug|Any CPU
		{7D6DD369-449E-49FF-879E-4123F5256140}.Debug|Any CPU.Build.0 = Debug|Any CPU
		{7D6DD369-449E-49FF-879E-4123F5256140}.Debug|Mixed Platforms.ActiveCfg = Debug|Any CPU
		{7D6DD369-449E-49FF-879E-4123F5256140}.Debug|Mixed Platforms.Build.0 = Debug|Any CPU
		{7D6DD369-449E-49FF-879E-4123F5256140}.Debug|x86.ActiveCfg = Debug|Any CPU
		{7D6DD369-449E-49FF-879E-4123F5256140}.Release|Any CPU.ActiveCfg = Release|Any CPU
		{7D6DD369-449E-49FF-879E-4123F5256140}.Release|Any CPU.Build.0 = Release|Any CPU
		{7D6DD369-449E-49FF-879E-4123F5256140}.Release|Mixed Platforms.ActiveCfg = Release|Any CPU
		{7D6DD369-449E-49FF-879E-4123F5256140}.Release|Mixed Platforms.Build.0 = Release|Any CPU
		{7D6DD369-449E-49FF-879E-4123F5256140}.Release|x86.ActiveCfg = Release|Any CPU
		{7D6DD369-449E-49FF-879E-4123F5256140}.Testing|Any CPU.ActiveCfg = Testing|Any CPU
		{7D6DD369-449E-49FF-879E-4123F5256140}.Testing|Any CPU.Build.0 = Testing|Any CPU
		{7D6DD369-449E-49FF-879E-4123F5256140}.Testing|Mixed Platforms.ActiveCfg = Testing|Any CPU
		{7D6DD369-449E-49FF-879E-4123F5256140}.Testing|Mixed Platforms.Build.0 = Testing|Any CPU
		{7D6DD369-449E-49FF-879E-4123F5256140}.Testing|x86.ActiveCfg = Testing|Any CPU
		{FF7EDA53-24F0-4F49-9165-9A390529FD68}.Debug|Any CPU.ActiveCfg = Debug|Any CPU
		{FF7EDA53-24F0-4F49-9165-9A390529FD68}.Debug|Any CPU.Build.0 = Debug|Any CPU
		{FF7EDA53-24F0-4F49-9165-9A390529FD68}.Debug|Mixed Platforms.ActiveCfg = Debug|Any CPU
		{FF7EDA53-24F0-4F49-9165-9A390529FD68}.Debug|Mixed Platforms.Build.0 = Debug|Any CPU
		{FF7EDA53-24F0-4F49-9165-9A390529FD68}.Debug|x86.ActiveCfg = Debug|Any CPU
		{FF7EDA53-24F0-4F49-9165-9A390529FD68}.Release|Any CPU.ActiveCfg = Release|Any CPU
		{FF7EDA53-24F0-4F49-9165-9A390529FD68}.Release|Any CPU.Build.0 = Release|Any CPU
		{FF7EDA53-24F0-4F49-9165-9A390529FD68}.Release|Mixed Platforms.ActiveCfg = Release|Any CPU
		{FF7EDA53-24F0-4F49-9165-9A390529FD68}.Release|Mixed Platforms.Build.0 = Release|Any CPU
		{FF7EDA53-24F0-4F49-9165-9A390529FD68}.Release|x86.ActiveCfg = Release|Any CPU
		{FF7EDA53-24F0-4F49-9165-9A390529FD68}.Testing|Any CPU.ActiveCfg = Testing|Any CPU
		{FF7EDA53-24F0-4F49-9165-9A390529FD68}.Testing|Any CPU.Build.0 = Testing|Any CPU
		{FF7EDA53-24F0-4F49-9165-9A390529FD68}.Testing|Mixed Platforms.ActiveCfg = Testing|Any CPU
		{FF7EDA53-24F0-4F49-9165-9A390529FD68}.Testing|Mixed Platforms.Build.0 = Testing|Any CPU
		{FF7EDA53-24F0-4F49-9165-9A390529FD68}.Testing|x86.ActiveCfg = Testing|Any CPU
		{0A192757-4BEF-456F-AA61-F644DAA3423C}.Debug|Any CPU.ActiveCfg = Debug|Any CPU
		{0A192757-4BEF-456F-AA61-F644DAA3423C}.Debug|Any CPU.Build.0 = Debug|Any CPU
		{0A192757-4BEF-456F-AA61-F644DAA3423C}.Debug|Mixed Platforms.ActiveCfg = Debug|Any CPU
		{0A192757-4BEF-456F-AA61-F644DAA3423C}.Debug|Mixed Platforms.Build.0 = Debug|Any CPU
		{0A192757-4BEF-456F-AA61-F644DAA3423C}.Debug|x86.ActiveCfg = Debug|Any CPU
		{0A192757-4BEF-456F-AA61-F644DAA3423C}.Release|Any CPU.ActiveCfg = Release|Any CPU
		{0A192757-4BEF-456F-AA61-F644DAA3423C}.Release|Any CPU.Build.0 = Release|Any CPU
		{0A192757-4BEF-456F-AA61-F644DAA3423C}.Release|Mixed Platforms.ActiveCfg = Release|Any CPU
		{0A192757-4BEF-456F-AA61-F644DAA3423C}.Release|Mixed Platforms.Build.0 = Release|Any CPU
		{0A192757-4BEF-456F-AA61-F644DAA3423C}.Release|x86.ActiveCfg = Release|Any CPU
		{0A192757-4BEF-456F-AA61-F644DAA3423C}.Testing|Any CPU.ActiveCfg = Testing|Any CPU
		{0A192757-4BEF-456F-AA61-F644DAA3423C}.Testing|Any CPU.Build.0 = Testing|Any CPU
		{0A192757-4BEF-456F-AA61-F644DAA3423C}.Testing|Mixed Platforms.ActiveCfg = Testing|Any CPU
		{0A192757-4BEF-456F-AA61-F644DAA3423C}.Testing|Mixed Platforms.Build.0 = Testing|Any CPU
		{0A192757-4BEF-456F-AA61-F644DAA3423C}.Testing|x86.ActiveCfg = Testing|Any CPU
		{BCE21902-0020-49B4-89C4-347A97055F93}.Debug|Any CPU.ActiveCfg = Debug|Any CPU
		{BCE21902-0020-49B4-89C4-347A97055F93}.Debug|Any CPU.Build.0 = Debug|Any CPU
		{BCE21902-0020-49B4-89C4-347A97055F93}.Debug|Mixed Platforms.ActiveCfg = Debug|Any CPU
		{BCE21902-0020-49B4-89C4-347A97055F93}.Debug|Mixed Platforms.Build.0 = Debug|Any CPU
		{BCE21902-0020-49B4-89C4-347A97055F93}.Debug|x86.ActiveCfg = Debug|Any CPU
		{BCE21902-0020-49B4-89C4-347A97055F93}.Release|Any CPU.ActiveCfg = Release|Any CPU
		{BCE21902-0020-49B4-89C4-347A97055F93}.Release|Any CPU.Build.0 = Release|Any CPU
		{BCE21902-0020-49B4-89C4-347A97055F93}.Release|Mixed Platforms.ActiveCfg = Release|Any CPU
		{BCE21902-0020-49B4-89C4-347A97055F93}.Release|Mixed Platforms.Build.0 = Release|Any CPU
		{BCE21902-0020-49B4-89C4-347A97055F93}.Release|x86.ActiveCfg = Release|Any CPU
		{BCE21902-0020-49B4-89C4-347A97055F93}.Testing|Any CPU.ActiveCfg = Testing|Any CPU
		{BCE21902-0020-49B4-89C4-347A97055F93}.Testing|Any CPU.Build.0 = Testing|Any CPU
		{BCE21902-0020-49B4-89C4-347A97055F93}.Testing|Mixed Platforms.ActiveCfg = Testing|Any CPU
		{BCE21902-0020-49B4-89C4-347A97055F93}.Testing|Mixed Platforms.Build.0 = Testing|Any CPU
		{BCE21902-0020-49B4-89C4-347A97055F93}.Testing|x86.ActiveCfg = Testing|Any CPU
		{7E834247-E081-4B11-87C9-7AE8DD0CF68F}.Debug|Any CPU.ActiveCfg = Debug|Any CPU
		{7E834247-E081-4B11-87C9-7AE8DD0CF68F}.Debug|Any CPU.Build.0 = Debug|Any CPU
		{7E834247-E081-4B11-87C9-7AE8DD0CF68F}.Debug|Mixed Platforms.ActiveCfg = Debug|Any CPU
		{7E834247-E081-4B11-87C9-7AE8DD0CF68F}.Debug|Mixed Platforms.Build.0 = Debug|Any CPU
		{7E834247-E081-4B11-87C9-7AE8DD0CF68F}.Debug|x86.ActiveCfg = Debug|Any CPU
		{7E834247-E081-4B11-87C9-7AE8DD0CF68F}.Release|Any CPU.ActiveCfg = Release|Any CPU
		{7E834247-E081-4B11-87C9-7AE8DD0CF68F}.Release|Any CPU.Build.0 = Release|Any CPU
		{7E834247-E081-4B11-87C9-7AE8DD0CF68F}.Release|Mixed Platforms.ActiveCfg = Release|Any CPU
		{7E834247-E081-4B11-87C9-7AE8DD0CF68F}.Release|Mixed Platforms.Build.0 = Release|Any CPU
		{7E834247-E081-4B11-87C9-7AE8DD0CF68F}.Release|x86.ActiveCfg = Release|Any CPU
		{7E834247-E081-4B11-87C9-7AE8DD0CF68F}.Testing|Any CPU.ActiveCfg = Testing|Any CPU
		{7E834247-E081-4B11-87C9-7AE8DD0CF68F}.Testing|Any CPU.Build.0 = Testing|Any CPU
		{7E834247-E081-4B11-87C9-7AE8DD0CF68F}.Testing|Mixed Platforms.ActiveCfg = Testing|Any CPU
		{7E834247-E081-4B11-87C9-7AE8DD0CF68F}.Testing|Mixed Platforms.Build.0 = Testing|Any CPU
		{7E834247-E081-4B11-87C9-7AE8DD0CF68F}.Testing|x86.ActiveCfg = Testing|Any CPU
		{34E62A74-B76E-4A1E-B692-9698D57D7C53}.Debug|Any CPU.ActiveCfg = Debug|Any CPU
		{34E62A74-B76E-4A1E-B692-9698D57D7C53}.Debug|Any CPU.Build.0 = Debug|Any CPU
		{34E62A74-B76E-4A1E-B692-9698D57D7C53}.Debug|Mixed Platforms.ActiveCfg = Debug|Any CPU
		{34E62A74-B76E-4A1E-B692-9698D57D7C53}.Debug|Mixed Platforms.Build.0 = Debug|Any CPU
		{34E62A74-B76E-4A1E-B692-9698D57D7C53}.Debug|x86.ActiveCfg = Debug|Any CPU
		{34E62A74-B76E-4A1E-B692-9698D57D7C53}.Release|Any CPU.ActiveCfg = Release|Any CPU
		{34E62A74-B76E-4A1E-B692-9698D57D7C53}.Release|Any CPU.Build.0 = Release|Any CPU
		{34E62A74-B76E-4A1E-B692-9698D57D7C53}.Release|Mixed Platforms.ActiveCfg = Release|Any CPU
		{34E62A74-B76E-4A1E-B692-9698D57D7C53}.Release|Mixed Platforms.Build.0 = Release|Any CPU
		{34E62A74-B76E-4A1E-B692-9698D57D7C53}.Release|x86.ActiveCfg = Release|Any CPU
		{34E62A74-B76E-4A1E-B692-9698D57D7C53}.Testing|Any CPU.ActiveCfg = Testing|Any CPU
		{34E62A74-B76E-4A1E-B692-9698D57D7C53}.Testing|Any CPU.Build.0 = Testing|Any CPU
		{34E62A74-B76E-4A1E-B692-9698D57D7C53}.Testing|Mixed Platforms.ActiveCfg = Testing|Any CPU
		{34E62A74-B76E-4A1E-B692-9698D57D7C53}.Testing|Mixed Platforms.Build.0 = Testing|Any CPU
		{34E62A74-B76E-4A1E-B692-9698D57D7C53}.Testing|x86.ActiveCfg = Testing|Any CPU
		{1292845B-E1C1-479A-B050-7CA302ACC6A2}.Debug|Any CPU.ActiveCfg = Debug|Any CPU
		{1292845B-E1C1-479A-B050-7CA302ACC6A2}.Debug|Any CPU.Build.0 = Debug|Any CPU
		{1292845B-E1C1-479A-B050-7CA302ACC6A2}.Debug|Mixed Platforms.ActiveCfg = Debug|Any CPU
		{1292845B-E1C1-479A-B050-7CA302ACC6A2}.Debug|Mixed Platforms.Build.0 = Debug|Any CPU
		{1292845B-E1C1-479A-B050-7CA302ACC6A2}.Debug|x86.ActiveCfg = Debug|Any CPU
		{1292845B-E1C1-479A-B050-7CA302ACC6A2}.Release|Any CPU.ActiveCfg = Release|Any CPU
		{1292845B-E1C1-479A-B050-7CA302ACC6A2}.Release|Any CPU.Build.0 = Release|Any CPU
		{1292845B-E1C1-479A-B050-7CA302ACC6A2}.Release|Mixed Platforms.ActiveCfg = Release|Any CPU
		{1292845B-E1C1-479A-B050-7CA302ACC6A2}.Release|Mixed Platforms.Build.0 = Release|Any CPU
		{1292845B-E1C1-479A-B050-7CA302ACC6A2}.Release|x86.ActiveCfg = Release|Any CPU
		{1292845B-E1C1-479A-B050-7CA302ACC6A2}.Testing|Any CPU.ActiveCfg = Testing|Any CPU
		{1292845B-E1C1-479A-B050-7CA302ACC6A2}.Testing|Any CPU.Build.0 = Testing|Any CPU
		{1292845B-E1C1-479A-B050-7CA302ACC6A2}.Testing|Mixed Platforms.ActiveCfg = Testing|Any CPU
		{1292845B-E1C1-479A-B050-7CA302ACC6A2}.Testing|Mixed Platforms.Build.0 = Testing|Any CPU
		{1292845B-E1C1-479A-B050-7CA302ACC6A2}.Testing|x86.ActiveCfg = Testing|Any CPU
		{6E85D3C1-2725-4E78-83FB-49B12F79BE2E}.Debug|Any CPU.ActiveCfg = Debug|Any CPU
		{6E85D3C1-2725-4E78-83FB-49B12F79BE2E}.Debug|Any CPU.Build.0 = Debug|Any CPU
		{6E85D3C1-2725-4E78-83FB-49B12F79BE2E}.Debug|Mixed Platforms.ActiveCfg = Debug|Any CPU
		{6E85D3C1-2725-4E78-83FB-49B12F79BE2E}.Debug|Mixed Platforms.Build.0 = Debug|Any CPU
		{6E85D3C1-2725-4E78-83FB-49B12F79BE2E}.Debug|x86.ActiveCfg = Debug|Any CPU
		{6E85D3C1-2725-4E78-83FB-49B12F79BE2E}.Release|Any CPU.ActiveCfg = Release|Any CPU
		{6E85D3C1-2725-4E78-83FB-49B12F79BE2E}.Release|Any CPU.Build.0 = Release|Any CPU
		{6E85D3C1-2725-4E78-83FB-49B12F79BE2E}.Release|Mixed Platforms.ActiveCfg = Release|Any CPU
		{6E85D3C1-2725-4E78-83FB-49B12F79BE2E}.Release|Mixed Platforms.Build.0 = Release|Any CPU
		{6E85D3C1-2725-4E78-83FB-49B12F79BE2E}.Release|x86.ActiveCfg = Release|Any CPU
		{6E85D3C1-2725-4E78-83FB-49B12F79BE2E}.Testing|Any CPU.ActiveCfg = Testing|Any CPU
		{6E85D3C1-2725-4E78-83FB-49B12F79BE2E}.Testing|Any CPU.Build.0 = Testing|Any CPU
		{6E85D3C1-2725-4E78-83FB-49B12F79BE2E}.Testing|Mixed Platforms.ActiveCfg = Testing|Any CPU
		{6E85D3C1-2725-4E78-83FB-49B12F79BE2E}.Testing|Mixed Platforms.Build.0 = Testing|Any CPU
		{6E85D3C1-2725-4E78-83FB-49B12F79BE2E}.Testing|x86.ActiveCfg = Testing|Any CPU
		{D5B27288-CEA1-4BD9-B05C-DFC92610610A}.Debug|Any CPU.ActiveCfg = Debug|Any CPU
		{D5B27288-CEA1-4BD9-B05C-DFC92610610A}.Debug|Any CPU.Build.0 = Debug|Any CPU
		{D5B27288-CEA1-4BD9-B05C-DFC92610610A}.Debug|Mixed Platforms.ActiveCfg = Debug|Any CPU
		{D5B27288-CEA1-4BD9-B05C-DFC92610610A}.Debug|Mixed Platforms.Build.0 = Debug|Any CPU
		{D5B27288-CEA1-4BD9-B05C-DFC92610610A}.Debug|x86.ActiveCfg = Debug|Any CPU
		{D5B27288-CEA1-4BD9-B05C-DFC92610610A}.Release|Any CPU.ActiveCfg = Release|Any CPU
		{D5B27288-CEA1-4BD9-B05C-DFC92610610A}.Release|Any CPU.Build.0 = Release|Any CPU
		{D5B27288-CEA1-4BD9-B05C-DFC92610610A}.Release|Mixed Platforms.ActiveCfg = Release|Any CPU
		{D5B27288-CEA1-4BD9-B05C-DFC92610610A}.Release|Mixed Platforms.Build.0 = Release|Any CPU
		{D5B27288-CEA1-4BD9-B05C-DFC92610610A}.Release|x86.ActiveCfg = Release|Any CPU
		{D5B27288-CEA1-4BD9-B05C-DFC92610610A}.Testing|Any CPU.ActiveCfg = Testing|Any CPU
		{D5B27288-CEA1-4BD9-B05C-DFC92610610A}.Testing|Any CPU.Build.0 = Testing|Any CPU
		{D5B27288-CEA1-4BD9-B05C-DFC92610610A}.Testing|Mixed Platforms.ActiveCfg = Testing|Any CPU
		{D5B27288-CEA1-4BD9-B05C-DFC92610610A}.Testing|Mixed Platforms.Build.0 = Testing|Any CPU
		{D5B27288-CEA1-4BD9-B05C-DFC92610610A}.Testing|x86.ActiveCfg = Testing|Any CPU
		{9BBD9A79-5253-477A-9FCB-0C0993375D44}.Debug|Any CPU.ActiveCfg = Debug|Any CPU
		{9BBD9A79-5253-477A-9FCB-0C0993375D44}.Debug|Any CPU.Build.0 = Debug|Any CPU
		{9BBD9A79-5253-477A-9FCB-0C0993375D44}.Debug|Mixed Platforms.ActiveCfg = Debug|Any CPU
		{9BBD9A79-5253-477A-9FCB-0C0993375D44}.Debug|Mixed Platforms.Build.0 = Debug|Any CPU
		{9BBD9A79-5253-477A-9FCB-0C0993375D44}.Debug|x86.ActiveCfg = Debug|Any CPU
		{9BBD9A79-5253-477A-9FCB-0C0993375D44}.Release|Any CPU.ActiveCfg = Release|Any CPU
		{9BBD9A79-5253-477A-9FCB-0C0993375D44}.Release|Any CPU.Build.0 = Release|Any CPU
		{9BBD9A79-5253-477A-9FCB-0C0993375D44}.Release|Mixed Platforms.ActiveCfg = Release|Any CPU
		{9BBD9A79-5253-477A-9FCB-0C0993375D44}.Release|Mixed Platforms.Build.0 = Release|Any CPU
		{9BBD9A79-5253-477A-9FCB-0C0993375D44}.Release|x86.ActiveCfg = Release|Any CPU
		{9BBD9A79-5253-477A-9FCB-0C0993375D44}.Testing|Any CPU.ActiveCfg = Testing|Any CPU
		{9BBD9A79-5253-477A-9FCB-0C0993375D44}.Testing|Any CPU.Build.0 = Testing|Any CPU
		{9BBD9A79-5253-477A-9FCB-0C0993375D44}.Testing|Mixed Platforms.ActiveCfg = Testing|Any CPU
		{9BBD9A79-5253-477A-9FCB-0C0993375D44}.Testing|Mixed Platforms.Build.0 = Testing|Any CPU
		{9BBD9A79-5253-477A-9FCB-0C0993375D44}.Testing|x86.ActiveCfg = Testing|Any CPU
		{417AAE9C-11B8-434B-8975-1C8DE8491115}.Debug|Any CPU.ActiveCfg = Debug|Any CPU
		{417AAE9C-11B8-434B-8975-1C8DE8491115}.Debug|Any CPU.Build.0 = Debug|Any CPU
		{417AAE9C-11B8-434B-8975-1C8DE8491115}.Debug|Mixed Platforms.ActiveCfg = Debug|Any CPU
		{417AAE9C-11B8-434B-8975-1C8DE8491115}.Debug|Mixed Platforms.Build.0 = Debug|Any CPU
		{417AAE9C-11B8-434B-8975-1C8DE8491115}.Debug|x86.ActiveCfg = Debug|Any CPU
		{417AAE9C-11B8-434B-8975-1C8DE8491115}.Release|Any CPU.ActiveCfg = Release|Any CPU
		{417AAE9C-11B8-434B-8975-1C8DE8491115}.Release|Any CPU.Build.0 = Release|Any CPU
		{417AAE9C-11B8-434B-8975-1C8DE8491115}.Release|Mixed Platforms.ActiveCfg = Release|Any CPU
		{417AAE9C-11B8-434B-8975-1C8DE8491115}.Release|Mixed Platforms.Build.0 = Release|Any CPU
		{417AAE9C-11B8-434B-8975-1C8DE8491115}.Release|x86.ActiveCfg = Release|Any CPU
		{417AAE9C-11B8-434B-8975-1C8DE8491115}.Testing|Any CPU.ActiveCfg = Testing|Any CPU
		{417AAE9C-11B8-434B-8975-1C8DE8491115}.Testing|Any CPU.Build.0 = Testing|Any CPU
		{417AAE9C-11B8-434B-8975-1C8DE8491115}.Testing|Mixed Platforms.ActiveCfg = Testing|Any CPU
		{417AAE9C-11B8-434B-8975-1C8DE8491115}.Testing|Mixed Platforms.Build.0 = Testing|Any CPU
		{417AAE9C-11B8-434B-8975-1C8DE8491115}.Testing|x86.ActiveCfg = Testing|Any CPU
		{317019EB-DCEC-4CF4-BA26-AA47DA188683}.Debug|Any CPU.ActiveCfg = Debug|Any CPU
		{317019EB-DCEC-4CF4-BA26-AA47DA188683}.Debug|Any CPU.Build.0 = Debug|Any CPU
		{317019EB-DCEC-4CF4-BA26-AA47DA188683}.Debug|Mixed Platforms.ActiveCfg = Debug|Any CPU
		{317019EB-DCEC-4CF4-BA26-AA47DA188683}.Debug|Mixed Platforms.Build.0 = Debug|Any CPU
		{317019EB-DCEC-4CF4-BA26-AA47DA188683}.Debug|x86.ActiveCfg = Debug|Any CPU
		{317019EB-DCEC-4CF4-BA26-AA47DA188683}.Release|Any CPU.ActiveCfg = Release|Any CPU
		{317019EB-DCEC-4CF4-BA26-AA47DA188683}.Release|Any CPU.Build.0 = Release|Any CPU
		{317019EB-DCEC-4CF4-BA26-AA47DA188683}.Release|Mixed Platforms.ActiveCfg = Release|Any CPU
		{317019EB-DCEC-4CF4-BA26-AA47DA188683}.Release|Mixed Platforms.Build.0 = Release|Any CPU
		{317019EB-DCEC-4CF4-BA26-AA47DA188683}.Release|x86.ActiveCfg = Release|Any CPU
		{317019EB-DCEC-4CF4-BA26-AA47DA188683}.Testing|Any CPU.ActiveCfg = Testing|Any CPU
		{317019EB-DCEC-4CF4-BA26-AA47DA188683}.Testing|Any CPU.Build.0 = Testing|Any CPU
		{317019EB-DCEC-4CF4-BA26-AA47DA188683}.Testing|Mixed Platforms.ActiveCfg = Testing|Any CPU
		{317019EB-DCEC-4CF4-BA26-AA47DA188683}.Testing|Mixed Platforms.Build.0 = Testing|Any CPU
		{317019EB-DCEC-4CF4-BA26-AA47DA188683}.Testing|x86.ActiveCfg = Testing|Any CPU
		{BB38568D-A4A3-407A-B8F4-2ED35A531601}.Debug|Any CPU.ActiveCfg = Debug|Any CPU
		{BB38568D-A4A3-407A-B8F4-2ED35A531601}.Debug|Any CPU.Build.0 = Debug|Any CPU
		{BB38568D-A4A3-407A-B8F4-2ED35A531601}.Debug|Mixed Platforms.ActiveCfg = Debug|Any CPU
		{BB38568D-A4A3-407A-B8F4-2ED35A531601}.Debug|Mixed Platforms.Build.0 = Debug|Any CPU
		{BB38568D-A4A3-407A-B8F4-2ED35A531601}.Debug|x86.ActiveCfg = Debug|Any CPU
		{BB38568D-A4A3-407A-B8F4-2ED35A531601}.Release|Any CPU.ActiveCfg = Release|Any CPU
		{BB38568D-A4A3-407A-B8F4-2ED35A531601}.Release|Any CPU.Build.0 = Release|Any CPU
		{BB38568D-A4A3-407A-B8F4-2ED35A531601}.Release|Mixed Platforms.ActiveCfg = Release|Any CPU
		{BB38568D-A4A3-407A-B8F4-2ED35A531601}.Release|Mixed Platforms.Build.0 = Release|Any CPU
		{BB38568D-A4A3-407A-B8F4-2ED35A531601}.Release|x86.ActiveCfg = Release|Any CPU
		{BB38568D-A4A3-407A-B8F4-2ED35A531601}.Testing|Any CPU.ActiveCfg = Release|Any CPU
		{BB38568D-A4A3-407A-B8F4-2ED35A531601}.Testing|Any CPU.Build.0 = Release|Any CPU
		{BB38568D-A4A3-407A-B8F4-2ED35A531601}.Testing|Mixed Platforms.ActiveCfg = Release|Any CPU
		{BB38568D-A4A3-407A-B8F4-2ED35A531601}.Testing|Mixed Platforms.Build.0 = Release|Any CPU
		{BB38568D-A4A3-407A-B8F4-2ED35A531601}.Testing|x86.ActiveCfg = Release|Any CPU
		{1B5460B6-3D64-476D-A7C8-5F430B55454A}.Debug|Any CPU.ActiveCfg = Debug|Any CPU
		{1B5460B6-3D64-476D-A7C8-5F430B55454A}.Debug|Any CPU.Build.0 = Debug|Any CPU
		{1B5460B6-3D64-476D-A7C8-5F430B55454A}.Debug|Mixed Platforms.ActiveCfg = Debug|Any CPU
		{1B5460B6-3D64-476D-A7C8-5F430B55454A}.Debug|Mixed Platforms.Build.0 = Debug|Any CPU
		{1B5460B6-3D64-476D-A7C8-5F430B55454A}.Debug|x86.ActiveCfg = Debug|Any CPU
		{1B5460B6-3D64-476D-A7C8-5F430B55454A}.Release|Any CPU.ActiveCfg = Release|Any CPU
		{1B5460B6-3D64-476D-A7C8-5F430B55454A}.Release|Any CPU.Build.0 = Release|Any CPU
		{1B5460B6-3D64-476D-A7C8-5F430B55454A}.Release|Mixed Platforms.ActiveCfg = Release|Any CPU
		{1B5460B6-3D64-476D-A7C8-5F430B55454A}.Release|Mixed Platforms.Build.0 = Release|Any CPU
		{1B5460B6-3D64-476D-A7C8-5F430B55454A}.Release|x86.ActiveCfg = Release|Any CPU
		{1B5460B6-3D64-476D-A7C8-5F430B55454A}.Testing|Any CPU.ActiveCfg = Release|Any CPU
		{1B5460B6-3D64-476D-A7C8-5F430B55454A}.Testing|Any CPU.Build.0 = Release|Any CPU
		{1B5460B6-3D64-476D-A7C8-5F430B55454A}.Testing|Mixed Platforms.ActiveCfg = Release|Any CPU
		{1B5460B6-3D64-476D-A7C8-5F430B55454A}.Testing|Mixed Platforms.Build.0 = Release|Any CPU
		{1B5460B6-3D64-476D-A7C8-5F430B55454A}.Testing|x86.ActiveCfg = Release|Any CPU
		{A9575D0E-EEC3-4C51-99C9-4FFBBECB9283}.Debug|Any CPU.ActiveCfg = Debug|Any CPU
		{A9575D0E-EEC3-4C51-99C9-4FFBBECB9283}.Debug|Any CPU.Build.0 = Debug|Any CPU
		{A9575D0E-EEC3-4C51-99C9-4FFBBECB9283}.Debug|Mixed Platforms.ActiveCfg = Debug|Any CPU
		{A9575D0E-EEC3-4C51-99C9-4FFBBECB9283}.Debug|Mixed Platforms.Build.0 = Debug|Any CPU
		{A9575D0E-EEC3-4C51-99C9-4FFBBECB9283}.Debug|x86.ActiveCfg = Debug|Any CPU
		{A9575D0E-EEC3-4C51-99C9-4FFBBECB9283}.Release|Any CPU.ActiveCfg = Release|Any CPU
		{A9575D0E-EEC3-4C51-99C9-4FFBBECB9283}.Release|Any CPU.Build.0 = Release|Any CPU
		{A9575D0E-EEC3-4C51-99C9-4FFBBECB9283}.Release|Mixed Platforms.ActiveCfg = Release|Any CPU
		{A9575D0E-EEC3-4C51-99C9-4FFBBECB9283}.Release|Mixed Platforms.Build.0 = Release|Any CPU
		{A9575D0E-EEC3-4C51-99C9-4FFBBECB9283}.Release|x86.ActiveCfg = Release|Any CPU
		{A9575D0E-EEC3-4C51-99C9-4FFBBECB9283}.Testing|Any CPU.ActiveCfg = Release|Any CPU
		{A9575D0E-EEC3-4C51-99C9-4FFBBECB9283}.Testing|Any CPU.Build.0 = Release|Any CPU
		{A9575D0E-EEC3-4C51-99C9-4FFBBECB9283}.Testing|Mixed Platforms.ActiveCfg = Release|Any CPU
		{A9575D0E-EEC3-4C51-99C9-4FFBBECB9283}.Testing|Mixed Platforms.Build.0 = Release|Any CPU
		{A9575D0E-EEC3-4C51-99C9-4FFBBECB9283}.Testing|x86.ActiveCfg = Release|Any CPU
		{C56F78CE-9442-4F76-8865-22ADBE4253CC}.Debug|Any CPU.ActiveCfg = Debug|Any CPU
		{C56F78CE-9442-4F76-8865-22ADBE4253CC}.Debug|Any CPU.Build.0 = Debug|Any CPU
		{C56F78CE-9442-4F76-8865-22ADBE4253CC}.Debug|Mixed Platforms.ActiveCfg = Debug|Any CPU
		{C56F78CE-9442-4F76-8865-22ADBE4253CC}.Debug|Mixed Platforms.Build.0 = Debug|Any CPU
		{C56F78CE-9442-4F76-8865-22ADBE4253CC}.Debug|x86.ActiveCfg = Debug|Any CPU
		{C56F78CE-9442-4F76-8865-22ADBE4253CC}.Release|Any CPU.ActiveCfg = Release|Any CPU
		{C56F78CE-9442-4F76-8865-22ADBE4253CC}.Release|Any CPU.Build.0 = Release|Any CPU
		{C56F78CE-9442-4F76-8865-22ADBE4253CC}.Release|Mixed Platforms.ActiveCfg = Release|Any CPU
		{C56F78CE-9442-4F76-8865-22ADBE4253CC}.Release|Mixed Platforms.Build.0 = Release|Any CPU
		{C56F78CE-9442-4F76-8865-22ADBE4253CC}.Release|x86.ActiveCfg = Release|Any CPU
		{C56F78CE-9442-4F76-8865-22ADBE4253CC}.Testing|Any CPU.ActiveCfg = Release|Any CPU
		{C56F78CE-9442-4F76-8865-22ADBE4253CC}.Testing|Any CPU.Build.0 = Release|Any CPU
		{C56F78CE-9442-4F76-8865-22ADBE4253CC}.Testing|Mixed Platforms.ActiveCfg = Release|Any CPU
		{C56F78CE-9442-4F76-8865-22ADBE4253CC}.Testing|Mixed Platforms.Build.0 = Release|Any CPU
		{C56F78CE-9442-4F76-8865-22ADBE4253CC}.Testing|x86.ActiveCfg = Release|Any CPU
	EndGlobalSection
	GlobalSection(SolutionProperties) = preSolution
		HideSolutionNode = FALSE
	EndGlobalSection
	GlobalSection(NestedProjects) = preSolution
		{50047D59-EA82-4435-A39C-6772F83A0C79} = {A3A81634-C2B1-4CDF-A1F0-ABE4F6FD30DB}
		{2BCE0E8A-CF47-448E-B78E-50A2BF1BD99A} = {CD14317E-3030-4DC6-A37B-95DA90EF2E7A}
		{C866CC66-5A80-4D65-B0B1-F9EA84B79CF4} = {CD14317E-3030-4DC6-A37B-95DA90EF2E7A}
		{64BDE56F-D7E8-4103-B5C4-CA10EE93366D} = {CC138F45-D94A-4939-96EB-ADE5982C717A}
		{9B38A5E3-AE19-4497-91E1-6D6F3FD6BBDF} = {CC138F45-D94A-4939-96EB-ADE5982C717A}
		{6DF0A6DA-4ED1-4DA5-835C-929AFDF4FC79} = {CC138F45-D94A-4939-96EB-ADE5982C717A}
		{17844EAA-9E91-4E2D-A0D3-DB48AD369DE6} = {CD14317E-3030-4DC6-A37B-95DA90EF2E7A}
		{75F4425E-99F9-4022-9370-C8696C7EAA0C} = {CD14317E-3030-4DC6-A37B-95DA90EF2E7A}
		{6CB18427-B543-4DF4-8D9B-4A6EE6B90590} = {A3A81634-C2B1-4CDF-A1F0-ABE4F6FD30DB}
		{D8A5C03D-08B6-4DE3-9BAD-27F7AFB03DB9} = {E415E6AC-CF57-434C-B2BB-9714912A2F38}
		{1164B058-17CE-47B4-9CC4-23E0ADA480D6} = {E415E6AC-CF57-434C-B2BB-9714912A2F38}
		{23C99F42-6C8D-47A6-AC19-1638C002282A} = {E415E6AC-CF57-434C-B2BB-9714912A2F38}
		{2C6A39F5-1290-488B-8F4A-40FA5CCC818C} = {E415E6AC-CF57-434C-B2BB-9714912A2F38}
		{A4372B73-FD12-46C8-9E82-F798770B079D} = {2F106CB1-100A-47EE-A481-A8418149846C}
		{15167C2D-BCD1-45C7-805F-29FF151083D3} = {17A2BA56-06A8-4E7F-BC33-ED677EA3A530}
		{2875AD19-2538-4D25-B9BC-6E71E999C0E9} = {E415E6AC-CF57-434C-B2BB-9714912A2F38}
		{7D6DD369-449E-49FF-879E-4123F5256140} = {2F106CB1-100A-47EE-A481-A8418149846C}
		{FF7EDA53-24F0-4F49-9165-9A390529FD68} = {17A2BA56-06A8-4E7F-BC33-ED677EA3A530}
		{0A192757-4BEF-456F-AA61-F644DAA3423C} = {17A2BA56-06A8-4E7F-BC33-ED677EA3A530}
		{BCE21902-0020-49B4-89C4-347A97055F93} = {A3A81634-C2B1-4CDF-A1F0-ABE4F6FD30DB}
		{17A2BA56-06A8-4E7F-BC33-ED677EA3A530} = {2F106CB1-100A-47EE-A481-A8418149846C}
		{C67F73B9-8807-4499-ACC1-705D383F7E56} = {2F106CB1-100A-47EE-A481-A8418149846C}
		{7E834247-E081-4B11-87C9-7AE8DD0CF68F} = {340F31B1-9759-4770-AC42-0CC0F868AF33}
		{34E62A74-B76E-4A1E-B692-9698D57D7C53} = {340F31B1-9759-4770-AC42-0CC0F868AF33}
		{1292845B-E1C1-479A-B050-7CA302ACC6A2} = {340F31B1-9759-4770-AC42-0CC0F868AF33}
		{6E85D3C1-2725-4E78-83FB-49B12F79BE2E} = {340F31B1-9759-4770-AC42-0CC0F868AF33}
		{D5B27288-CEA1-4BD9-B05C-DFC92610610A} = {C67F73B9-8807-4499-ACC1-705D383F7E56}
		{9BBD9A79-5253-477A-9FCB-0C0993375D44} = {C67F73B9-8807-4499-ACC1-705D383F7E56}
		{417AAE9C-11B8-434B-8975-1C8DE8491115} = {340F31B1-9759-4770-AC42-0CC0F868AF33}
		{317019EB-DCEC-4CF4-BA26-AA47DA188683} = {340F31B1-9759-4770-AC42-0CC0F868AF33}
		{2BC85DC0-C23A-413F-AB49-3403CF379C92} = {2F106CB1-100A-47EE-A481-A8418149846C}
		{BB38568D-A4A3-407A-B8F4-2ED35A531601} = {2BC85DC0-C23A-413F-AB49-3403CF379C92}
		{64A3644D-1FEA-4A7F-889E-2B4A2F1814F3} = {2F106CB1-100A-47EE-A481-A8418149846C}
		{1B5460B6-3D64-476D-A7C8-5F430B55454A} = {64A3644D-1FEA-4A7F-889E-2B4A2F1814F3}
		{A9575D0E-EEC3-4C51-99C9-4FFBBECB9283} = {64A3644D-1FEA-4A7F-889E-2B4A2F1814F3}
		{C56F78CE-9442-4F76-8865-22ADBE4253CC} = {6A04D4B6-4320-4DBF-A91C-E10770822958}
	EndGlobalSection
EndGlobal
