
Microsoft Visual Studio Solution File, Format Version 12.00
# Visual Studio 2013
VisualStudioVersion = 12.0.30723.0
MinimumVisualStudioVersion = 10.0.40219.1
Project("{FAE04EC0-301F-11D3-BF4B-00C04F79EFBC}") = "CoachSeek.WebUI", "CoachSeek.WebUI\CoachSeek.WebUI.csproj", "{6CB18427-B543-4DF4-8D9B-4A6EE6B90590}"
EndProject
Project("{FAE04EC0-301F-11D3-BF4B-00C04F79EFBC}") = "CoachSeek.WebUI.Tests.Unit", "CoachSeek.WebUI.Tests.Unit\CoachSeek.WebUI.Tests.Unit.csproj", "{50047D59-EA82-4435-A39C-6772F83A0C79}"
EndProject
Project("{FAE04EC0-301F-11D3-BF4B-00C04F79EFBC}") = "CoachSeek.Domain", "CoachSeek.Domain\CoachSeek.Domain.csproj", "{2BCE0E8A-CF47-448E-B78E-50A2BF1BD99A}"
EndProject
Project("{FAE04EC0-301F-11D3-BF4B-00C04F79EFBC}") = "CoachSeek.Domain.Tests.Unit", "CoachSeek.Domain.Tests.Unit\CoachSeek.Domain.Tests.Unit.csproj", "{C866CC66-5A80-4D65-B0B1-F9EA84B79CF4}"
EndProject
Project("{FAE04EC0-301F-11D3-BF4B-00C04F79EFBC}") = "CoachSeek.Application", "CoachSeek.Application\CoachSeek.Application.csproj", "{64BDE56F-D7E8-4103-B5C4-CA10EE93366D}"
EndProject
Project("{FAE04EC0-301F-11D3-BF4B-00C04F79EFBC}") = "CoachSeek.Application.Contracts", "CoachSeek.Application.Contracts\CoachSeek.Application.Contracts.csproj", "{9B38A5E3-AE19-4497-91E1-6D6F3FD6BBDF}"
EndProject
Project("{FAE04EC0-301F-11D3-BF4B-00C04F79EFBC}") = "CoachSeek.DataAccess", "CoachSeek.DataAccess\CoachSeek.DataAccess.csproj", "{8252D160-8B6A-438F-B669-D7B7F3FDA2FE}"
EndProject
Project("{FAE04EC0-301F-11D3-BF4B-00C04F79EFBC}") = "CoachSeek.Services", "CoachSeek.Services\CoachSeek.Services.csproj", "{C9D7784E-1598-4A80-8AA0-AB9DA2B1FA3F}"
EndProject
Project("{FAE04EC0-301F-11D3-BF4B-00C04F79EFBC}") = "CoachSeek.Services.Contracts", "CoachSeek.Services.Contracts\CoachSeek.Services.Contracts.csproj", "{1AF3035A-DCEB-4035-A4E7-89912EDC11E1}"
EndProject
Project("{FAE04EC0-301F-11D3-BF4B-00C04F79EFBC}") = "CoachSeek.Common", "CoachSeek.Common\CoachSeek.Common.csproj", "{2D91E32D-170C-4E38-A9E5-C5232DAA9552}"
EndProject
Project("{FAE04EC0-301F-11D3-BF4B-00C04F79EFBC}") = "CoachSeek.Application.Tests.Unit", "CoachSeek.Application.Tests.Unit\CoachSeek.Application.Tests.Unit.csproj", "{6DF0A6DA-4ED1-4DA5-835C-929AFDF4FC79}"
EndProject
Project("{FAE04EC0-301F-11D3-BF4B-00C04F79EFBC}") = "CoachSeek.Services.Tests.Unit", "CoachSeek.Services.Tests.Unit\CoachSeek.Services.Tests.Unit.csproj", "{5CAA42FB-B2B7-436A-866F-6DDF367FA567}"
EndProject
Project("{2150E333-8FDC-42A3-9474-1A3956D46DE8}") = "WebUI", "WebUI", "{A3A81634-C2B1-4CDF-A1F0-ABE4F6FD30DB}"
EndProject
Project("{2150E333-8FDC-42A3-9474-1A3956D46DE8}") = "Application", "Application", "{CC138F45-D94A-4939-96EB-ADE5982C717A}"
EndProject
Project("{2150E333-8FDC-42A3-9474-1A3956D46DE8}") = "DataAccess", "DataAccess", "{E415E6AC-CF57-434C-B2BB-9714912A2F38}"
EndProject
Project("{2150E333-8FDC-42A3-9474-1A3956D46DE8}") = "Domain", "Domain", "{CD14317E-3030-4DC6-A37B-95DA90EF2E7A}"
EndProject
Project("{2150E333-8FDC-42A3-9474-1A3956D46DE8}") = "Services", "Services", "{7D36408B-D909-4333-AD29-5621DC713066}"
EndProject
Project("{FAE04EC0-301F-11D3-BF4B-00C04F79EFBC}") = "CoachSeek.Data", "CoachSeek.Data\CoachSeek.Data.csproj", "{17844EAA-9E91-4E2D-A0D3-DB48AD369DE6}"
EndProject
Project("{FAE04EC0-301F-11D3-BF4B-00C04F79EFBC}") = "CoachSeek.WebUI.Tests.Integration", "CoachSeek.WebUI.Tests.Integration\CoachSeek.WebUI.Tests.Integration.csproj", "{40BA627F-6DF3-40FF-BAA2-774AFF4720AE}"
EndProject
Project("{FAE04EC0-301F-11D3-BF4B-00C04F79EFBC}") = "CoachSeek.Data.Tests.Unit", "CoachSeek.Data.Tests.Unit\CoachSeek.Data.Tests.Unit.csproj", "{75F4425E-99F9-4022-9370-C8696C7EAA0C}"
EndProject
Global
	GlobalSection(SolutionConfigurationPlatforms) = preSolution
		Debug|Any CPU = Debug|Any CPU
		Debug|Mixed Platforms = Debug|Mixed Platforms
		Debug|x86 = Debug|x86
		Release|Any CPU = Release|Any CPU
		Release|Mixed Platforms = Release|Mixed Platforms
		Release|x86 = Release|x86
	EndGlobalSection
	GlobalSection(ProjectConfigurationPlatforms) = postSolution
		{6CB18427-B543-4DF4-8D9B-4A6EE6B90590}.Debug|Any CPU.ActiveCfg = Debug|Any CPU
		{6CB18427-B543-4DF4-8D9B-4A6EE6B90590}.Debug|Any CPU.Build.0 = Debug|Any CPU
		{6CB18427-B543-4DF4-8D9B-4A6EE6B90590}.Debug|Mixed Platforms.ActiveCfg = Debug|Any CPU
		{6CB18427-B543-4DF4-8D9B-4A6EE6B90590}.Debug|Mixed Platforms.Build.0 = Debug|Any CPU
		{6CB18427-B543-4DF4-8D9B-4A6EE6B90590}.Debug|x86.ActiveCfg = Debug|Any CPU
		{6CB18427-B543-4DF4-8D9B-4A6EE6B90590}.Release|Any CPU.ActiveCfg = Release|Any CPU
		{6CB18427-B543-4DF4-8D9B-4A6EE6B90590}.Release|Any CPU.Build.0 = Release|Any CPU
		{6CB18427-B543-4DF4-8D9B-4A6EE6B90590}.Release|Mixed Platforms.ActiveCfg = Release|Any CPU
		{6CB18427-B543-4DF4-8D9B-4A6EE6B90590}.Release|Mixed Platforms.Build.0 = Release|Any CPU
		{6CB18427-B543-4DF4-8D9B-4A6EE6B90590}.Release|x86.ActiveCfg = Release|Any CPU
		{50047D59-EA82-4435-A39C-6772F83A0C79}.Debug|Any CPU.ActiveCfg = Debug|Any CPU
		{50047D59-EA82-4435-A39C-6772F83A0C79}.Debug|Any CPU.Build.0 = Debug|Any CPU
		{50047D59-EA82-4435-A39C-6772F83A0C79}.Debug|Mixed Platforms.ActiveCfg = Debug|Any CPU
		{50047D59-EA82-4435-A39C-6772F83A0C79}.Debug|Mixed Platforms.Build.0 = Debug|Any CPU
		{50047D59-EA82-4435-A39C-6772F83A0C79}.Debug|x86.ActiveCfg = Debug|Any CPU
		{50047D59-EA82-4435-A39C-6772F83A0C79}.Release|Any CPU.ActiveCfg = Release|Any CPU
		{50047D59-EA82-4435-A39C-6772F83A0C79}.Release|Any CPU.Build.0 = Release|Any CPU
		{50047D59-EA82-4435-A39C-6772F83A0C79}.Release|Mixed Platforms.ActiveCfg = Release|Any CPU
		{50047D59-EA82-4435-A39C-6772F83A0C79}.Release|Mixed Platforms.Build.0 = Release|Any CPU
		{50047D59-EA82-4435-A39C-6772F83A0C79}.Release|x86.ActiveCfg = Release|Any CPU
		{2BCE0E8A-CF47-448E-B78E-50A2BF1BD99A}.Debug|Any CPU.ActiveCfg = Debug|Any CPU
		{2BCE0E8A-CF47-448E-B78E-50A2BF1BD99A}.Debug|Any CPU.Build.0 = Debug|Any CPU
		{2BCE0E8A-CF47-448E-B78E-50A2BF1BD99A}.Debug|Mixed Platforms.ActiveCfg = Debug|Any CPU
		{2BCE0E8A-CF47-448E-B78E-50A2BF1BD99A}.Debug|Mixed Platforms.Build.0 = Debug|Any CPU
		{2BCE0E8A-CF47-448E-B78E-50A2BF1BD99A}.Debug|x86.ActiveCfg = Debug|Any CPU
		{2BCE0E8A-CF47-448E-B78E-50A2BF1BD99A}.Release|Any CPU.ActiveCfg = Release|Any CPU
		{2BCE0E8A-CF47-448E-B78E-50A2BF1BD99A}.Release|Any CPU.Build.0 = Release|Any CPU
		{2BCE0E8A-CF47-448E-B78E-50A2BF1BD99A}.Release|Mixed Platforms.ActiveCfg = Release|Any CPU
		{2BCE0E8A-CF47-448E-B78E-50A2BF1BD99A}.Release|Mixed Platforms.Build.0 = Release|Any CPU
		{2BCE0E8A-CF47-448E-B78E-50A2BF1BD99A}.Release|x86.ActiveCfg = Release|Any CPU
		{C866CC66-5A80-4D65-B0B1-F9EA84B79CF4}.Debug|Any CPU.ActiveCfg = Debug|Any CPU
		{C866CC66-5A80-4D65-B0B1-F9EA84B79CF4}.Debug|Any CPU.Build.0 = Debug|Any CPU
		{C866CC66-5A80-4D65-B0B1-F9EA84B79CF4}.Debug|Mixed Platforms.ActiveCfg = Debug|Any CPU
		{C866CC66-5A80-4D65-B0B1-F9EA84B79CF4}.Debug|Mixed Platforms.Build.0 = Debug|Any CPU
		{C866CC66-5A80-4D65-B0B1-F9EA84B79CF4}.Debug|x86.ActiveCfg = Debug|Any CPU
		{C866CC66-5A80-4D65-B0B1-F9EA84B79CF4}.Release|Any CPU.ActiveCfg = Release|Any CPU
		{C866CC66-5A80-4D65-B0B1-F9EA84B79CF4}.Release|Any CPU.Build.0 = Release|Any CPU
		{C866CC66-5A80-4D65-B0B1-F9EA84B79CF4}.Release|Mixed Platforms.ActiveCfg = Release|Any CPU
		{C866CC66-5A80-4D65-B0B1-F9EA84B79CF4}.Release|Mixed Platforms.Build.0 = Release|Any CPU
		{C866CC66-5A80-4D65-B0B1-F9EA84B79CF4}.Release|x86.ActiveCfg = Release|Any CPU
		{64BDE56F-D7E8-4103-B5C4-CA10EE93366D}.Debug|Any CPU.ActiveCfg = Debug|Any CPU
		{64BDE56F-D7E8-4103-B5C4-CA10EE93366D}.Debug|Any CPU.Build.0 = Debug|Any CPU
		{64BDE56F-D7E8-4103-B5C4-CA10EE93366D}.Debug|Mixed Platforms.ActiveCfg = Debug|Any CPU
		{64BDE56F-D7E8-4103-B5C4-CA10EE93366D}.Debug|Mixed Platforms.Build.0 = Debug|Any CPU
		{64BDE56F-D7E8-4103-B5C4-CA10EE93366D}.Debug|x86.ActiveCfg = Debug|Any CPU
		{64BDE56F-D7E8-4103-B5C4-CA10EE93366D}.Release|Any CPU.ActiveCfg = Release|Any CPU
		{64BDE56F-D7E8-4103-B5C4-CA10EE93366D}.Release|Any CPU.Build.0 = Release|Any CPU
		{64BDE56F-D7E8-4103-B5C4-CA10EE93366D}.Release|Mixed Platforms.ActiveCfg = Release|Any CPU
		{64BDE56F-D7E8-4103-B5C4-CA10EE93366D}.Release|Mixed Platforms.Build.0 = Release|Any CPU
		{64BDE56F-D7E8-4103-B5C4-CA10EE93366D}.Release|x86.ActiveCfg = Release|Any CPU
		{9B38A5E3-AE19-4497-91E1-6D6F3FD6BBDF}.Debug|Any CPU.ActiveCfg = Debug|Any CPU
		{9B38A5E3-AE19-4497-91E1-6D6F3FD6BBDF}.Debug|Any CPU.Build.0 = Debug|Any CPU
		{9B38A5E3-AE19-4497-91E1-6D6F3FD6BBDF}.Debug|Mixed Platforms.ActiveCfg = Debug|Any CPU
		{9B38A5E3-AE19-4497-91E1-6D6F3FD6BBDF}.Debug|Mixed Platforms.Build.0 = Debug|Any CPU
		{9B38A5E3-AE19-4497-91E1-6D6F3FD6BBDF}.Debug|x86.ActiveCfg = Debug|Any CPU
		{9B38A5E3-AE19-4497-91E1-6D6F3FD6BBDF}.Release|Any CPU.ActiveCfg = Release|Any CPU
		{9B38A5E3-AE19-4497-91E1-6D6F3FD6BBDF}.Release|Any CPU.Build.0 = Release|Any CPU
		{9B38A5E3-AE19-4497-91E1-6D6F3FD6BBDF}.Release|Mixed Platforms.ActiveCfg = Release|Any CPU
		{9B38A5E3-AE19-4497-91E1-6D6F3FD6BBDF}.Release|Mixed Platforms.Build.0 = Release|Any CPU
		{9B38A5E3-AE19-4497-91E1-6D6F3FD6BBDF}.Release|x86.ActiveCfg = Release|Any CPU
		{8252D160-8B6A-438F-B669-D7B7F3FDA2FE}.Debug|Any CPU.ActiveCfg = Debug|Any CPU
		{8252D160-8B6A-438F-B669-D7B7F3FDA2FE}.Debug|Any CPU.Build.0 = Debug|Any CPU
		{8252D160-8B6A-438F-B669-D7B7F3FDA2FE}.Debug|Mixed Platforms.ActiveCfg = Debug|Any CPU
		{8252D160-8B6A-438F-B669-D7B7F3FDA2FE}.Debug|Mixed Platforms.Build.0 = Debug|Any CPU
		{8252D160-8B6A-438F-B669-D7B7F3FDA2FE}.Debug|x86.ActiveCfg = Debug|Any CPU
		{8252D160-8B6A-438F-B669-D7B7F3FDA2FE}.Release|Any CPU.ActiveCfg = Release|Any CPU
		{8252D160-8B6A-438F-B669-D7B7F3FDA2FE}.Release|Any CPU.Build.0 = Release|Any CPU
		{8252D160-8B6A-438F-B669-D7B7F3FDA2FE}.Release|Mixed Platforms.ActiveCfg = Release|Any CPU
		{8252D160-8B6A-438F-B669-D7B7F3FDA2FE}.Release|Mixed Platforms.Build.0 = Release|Any CPU
		{8252D160-8B6A-438F-B669-D7B7F3FDA2FE}.Release|x86.ActiveCfg = Release|Any CPU
		{C9D7784E-1598-4A80-8AA0-AB9DA2B1FA3F}.Debug|Any CPU.ActiveCfg = Debug|Any CPU
		{C9D7784E-1598-4A80-8AA0-AB9DA2B1FA3F}.Debug|Any CPU.Build.0 = Debug|Any CPU
		{C9D7784E-1598-4A80-8AA0-AB9DA2B1FA3F}.Debug|Mixed Platforms.ActiveCfg = Debug|Any CPU
		{C9D7784E-1598-4A80-8AA0-AB9DA2B1FA3F}.Debug|Mixed Platforms.Build.0 = Debug|Any CPU
		{C9D7784E-1598-4A80-8AA0-AB9DA2B1FA3F}.Debug|x86.ActiveCfg = Debug|Any CPU
		{C9D7784E-1598-4A80-8AA0-AB9DA2B1FA3F}.Release|Any CPU.ActiveCfg = Release|Any CPU
		{C9D7784E-1598-4A80-8AA0-AB9DA2B1FA3F}.Release|Any CPU.Build.0 = Release|Any CPU
		{C9D7784E-1598-4A80-8AA0-AB9DA2B1FA3F}.Release|Mixed Platforms.ActiveCfg = Release|Any CPU
		{C9D7784E-1598-4A80-8AA0-AB9DA2B1FA3F}.Release|Mixed Platforms.Build.0 = Release|Any CPU
		{C9D7784E-1598-4A80-8AA0-AB9DA2B1FA3F}.Release|x86.ActiveCfg = Release|Any CPU
		{1AF3035A-DCEB-4035-A4E7-89912EDC11E1}.Debug|Any CPU.ActiveCfg = Debug|Any CPU
		{1AF3035A-DCEB-4035-A4E7-89912EDC11E1}.Debug|Any CPU.Build.0 = Debug|Any CPU
		{1AF3035A-DCEB-4035-A4E7-89912EDC11E1}.Debug|Mixed Platforms.ActiveCfg = Debug|Any CPU
		{1AF3035A-DCEB-4035-A4E7-89912EDC11E1}.Debug|Mixed Platforms.Build.0 = Debug|Any CPU
		{1AF3035A-DCEB-4035-A4E7-89912EDC11E1}.Debug|x86.ActiveCfg = Debug|Any CPU
		{1AF3035A-DCEB-4035-A4E7-89912EDC11E1}.Release|Any CPU.ActiveCfg = Release|Any CPU
		{1AF3035A-DCEB-4035-A4E7-89912EDC11E1}.Release|Any CPU.Build.0 = Release|Any CPU
		{1AF3035A-DCEB-4035-A4E7-89912EDC11E1}.Release|Mixed Platforms.ActiveCfg = Release|Any CPU
		{1AF3035A-DCEB-4035-A4E7-89912EDC11E1}.Release|Mixed Platforms.Build.0 = Release|Any CPU
		{1AF3035A-DCEB-4035-A4E7-89912EDC11E1}.Release|x86.ActiveCfg = Release|Any CPU
		{2D91E32D-170C-4E38-A9E5-C5232DAA9552}.Debug|Any CPU.ActiveCfg = Debug|Any CPU
		{2D91E32D-170C-4E38-A9E5-C5232DAA9552}.Debug|Any CPU.Build.0 = Debug|Any CPU
		{2D91E32D-170C-4E38-A9E5-C5232DAA9552}.Debug|Mixed Platforms.ActiveCfg = Debug|Any CPU
		{2D91E32D-170C-4E38-A9E5-C5232DAA9552}.Debug|Mixed Platforms.Build.0 = Debug|Any CPU
		{2D91E32D-170C-4E38-A9E5-C5232DAA9552}.Debug|x86.ActiveCfg = Debug|Any CPU
		{2D91E32D-170C-4E38-A9E5-C5232DAA9552}.Release|Any CPU.ActiveCfg = Release|Any CPU
		{2D91E32D-170C-4E38-A9E5-C5232DAA9552}.Release|Any CPU.Build.0 = Release|Any CPU
		{2D91E32D-170C-4E38-A9E5-C5232DAA9552}.Release|Mixed Platforms.ActiveCfg = Release|Any CPU
		{2D91E32D-170C-4E38-A9E5-C5232DAA9552}.Release|Mixed Platforms.Build.0 = Release|Any CPU
		{2D91E32D-170C-4E38-A9E5-C5232DAA9552}.Release|x86.ActiveCfg = Release|Any CPU
		{6DF0A6DA-4ED1-4DA5-835C-929AFDF4FC79}.Debug|Any CPU.ActiveCfg = Debug|Any CPU
		{6DF0A6DA-4ED1-4DA5-835C-929AFDF4FC79}.Debug|Any CPU.Build.0 = Debug|Any CPU
		{6DF0A6DA-4ED1-4DA5-835C-929AFDF4FC79}.Debug|Mixed Platforms.ActiveCfg = Debug|Any CPU
		{6DF0A6DA-4ED1-4DA5-835C-929AFDF4FC79}.Debug|Mixed Platforms.Build.0 = Debug|Any CPU
		{6DF0A6DA-4ED1-4DA5-835C-929AFDF4FC79}.Debug|x86.ActiveCfg = Debug|Any CPU
		{6DF0A6DA-4ED1-4DA5-835C-929AFDF4FC79}.Release|Any CPU.ActiveCfg = Release|Any CPU
		{6DF0A6DA-4ED1-4DA5-835C-929AFDF4FC79}.Release|Any CPU.Build.0 = Release|Any CPU
		{6DF0A6DA-4ED1-4DA5-835C-929AFDF4FC79}.Release|Mixed Platforms.ActiveCfg = Release|Any CPU
		{6DF0A6DA-4ED1-4DA5-835C-929AFDF4FC79}.Release|Mixed Platforms.Build.0 = Release|Any CPU
		{6DF0A6DA-4ED1-4DA5-835C-929AFDF4FC79}.Release|x86.ActiveCfg = Release|Any CPU
		{5CAA42FB-B2B7-436A-866F-6DDF367FA567}.Debug|Any CPU.ActiveCfg = Debug|Any CPU
		{5CAA42FB-B2B7-436A-866F-6DDF367FA567}.Debug|Any CPU.Build.0 = Debug|Any CPU
		{5CAA42FB-B2B7-436A-866F-6DDF367FA567}.Debug|Mixed Platforms.ActiveCfg = Debug|Any CPU
		{5CAA42FB-B2B7-436A-866F-6DDF367FA567}.Debug|Mixed Platforms.Build.0 = Debug|Any CPU
		{5CAA42FB-B2B7-436A-866F-6DDF367FA567}.Debug|x86.ActiveCfg = Debug|Any CPU
		{5CAA42FB-B2B7-436A-866F-6DDF367FA567}.Release|Any CPU.ActiveCfg = Release|Any CPU
		{5CAA42FB-B2B7-436A-866F-6DDF367FA567}.Release|Any CPU.Build.0 = Release|Any CPU
		{5CAA42FB-B2B7-436A-866F-6DDF367FA567}.Release|Mixed Platforms.ActiveCfg = Release|Any CPU
		{5CAA42FB-B2B7-436A-866F-6DDF367FA567}.Release|Mixed Platforms.Build.0 = Release|Any CPU
		{5CAA42FB-B2B7-436A-866F-6DDF367FA567}.Release|x86.ActiveCfg = Release|Any CPU
		{17844EAA-9E91-4E2D-A0D3-DB48AD369DE6}.Debug|Any CPU.ActiveCfg = Debug|Any CPU
		{17844EAA-9E91-4E2D-A0D3-DB48AD369DE6}.Debug|Any CPU.Build.0 = Debug|Any CPU
		{17844EAA-9E91-4E2D-A0D3-DB48AD369DE6}.Debug|Mixed Platforms.ActiveCfg = Debug|Any CPU
		{17844EAA-9E91-4E2D-A0D3-DB48AD369DE6}.Debug|Mixed Platforms.Build.0 = Debug|Any CPU
		{17844EAA-9E91-4E2D-A0D3-DB48AD369DE6}.Debug|x86.ActiveCfg = Debug|Any CPU
		{17844EAA-9E91-4E2D-A0D3-DB48AD369DE6}.Release|Any CPU.ActiveCfg = Release|Any CPU
		{17844EAA-9E91-4E2D-A0D3-DB48AD369DE6}.Release|Any CPU.Build.0 = Release|Any CPU
		{17844EAA-9E91-4E2D-A0D3-DB48AD369DE6}.Release|Mixed Platforms.ActiveCfg = Release|Any CPU
		{17844EAA-9E91-4E2D-A0D3-DB48AD369DE6}.Release|Mixed Platforms.Build.0 = Release|Any CPU
		{17844EAA-9E91-4E2D-A0D3-DB48AD369DE6}.Release|x86.ActiveCfg = Release|Any CPU
		{40BA627F-6DF3-40FF-BAA2-774AFF4720AE}.Debug|Any CPU.ActiveCfg = Debug|Any CPU
		{40BA627F-6DF3-40FF-BAA2-774AFF4720AE}.Debug|Any CPU.Build.0 = Debug|Any CPU
		{40BA627F-6DF3-40FF-BAA2-774AFF4720AE}.Debug|Mixed Platforms.ActiveCfg = Debug|Any CPU
		{40BA627F-6DF3-40FF-BAA2-774AFF4720AE}.Debug|Mixed Platforms.Build.0 = Debug|Any CPU
		{40BA627F-6DF3-40FF-BAA2-774AFF4720AE}.Debug|x86.ActiveCfg = Debug|Any CPU
		{40BA627F-6DF3-40FF-BAA2-774AFF4720AE}.Release|Any CPU.ActiveCfg = Release|Any CPU
		{40BA627F-6DF3-40FF-BAA2-774AFF4720AE}.Release|Any CPU.Build.0 = Release|Any CPU
		{40BA627F-6DF3-40FF-BAA2-774AFF4720AE}.Release|Mixed Platforms.ActiveCfg = Release|Any CPU
		{40BA627F-6DF3-40FF-BAA2-774AFF4720AE}.Release|Mixed Platforms.Build.0 = Release|Any CPU
		{40BA627F-6DF3-40FF-BAA2-774AFF4720AE}.Release|x86.ActiveCfg = Release|Any CPU
		{75F4425E-99F9-4022-9370-C8696C7EAA0C}.Debug|Any CPU.ActiveCfg = Debug|Any CPU
		{75F4425E-99F9-4022-9370-C8696C7EAA0C}.Debug|Any CPU.Build.0 = Debug|Any CPU
		{75F4425E-99F9-4022-9370-C8696C7EAA0C}.Debug|Mixed Platforms.ActiveCfg = Debug|Any CPU
		{75F4425E-99F9-4022-9370-C8696C7EAA0C}.Debug|Mixed Platforms.Build.0 = Debug|Any CPU
		{75F4425E-99F9-4022-9370-C8696C7EAA0C}.Debug|x86.ActiveCfg = Debug|Any CPU
		{75F4425E-99F9-4022-9370-C8696C7EAA0C}.Release|Any CPU.ActiveCfg = Release|Any CPU
		{75F4425E-99F9-4022-9370-C8696C7EAA0C}.Release|Any CPU.Build.0 = Release|Any CPU
		{75F4425E-99F9-4022-9370-C8696C7EAA0C}.Release|Mixed Platforms.ActiveCfg = Release|Any CPU
		{75F4425E-99F9-4022-9370-C8696C7EAA0C}.Release|Mixed Platforms.Build.0 = Release|Any CPU
		{75F4425E-99F9-4022-9370-C8696C7EAA0C}.Release|x86.ActiveCfg = Release|Any CPU
	EndGlobalSection
	GlobalSection(SolutionProperties) = preSolution
		HideSolutionNode = FALSE
	EndGlobalSection
	GlobalSection(NestedProjects) = preSolution
		{6CB18427-B543-4DF4-8D9B-4A6EE6B90590} = {A3A81634-C2B1-4CDF-A1F0-ABE4F6FD30DB}
		{50047D59-EA82-4435-A39C-6772F83A0C79} = {A3A81634-C2B1-4CDF-A1F0-ABE4F6FD30DB}
		{2BCE0E8A-CF47-448E-B78E-50A2BF1BD99A} = {CD14317E-3030-4DC6-A37B-95DA90EF2E7A}
		{C866CC66-5A80-4D65-B0B1-F9EA84B79CF4} = {CD14317E-3030-4DC6-A37B-95DA90EF2E7A}
		{64BDE56F-D7E8-4103-B5C4-CA10EE93366D} = {CC138F45-D94A-4939-96EB-ADE5982C717A}
		{9B38A5E3-AE19-4497-91E1-6D6F3FD6BBDF} = {CC138F45-D94A-4939-96EB-ADE5982C717A}
		{8252D160-8B6A-438F-B669-D7B7F3FDA2FE} = {E415E6AC-CF57-434C-B2BB-9714912A2F38}
		{C9D7784E-1598-4A80-8AA0-AB9DA2B1FA3F} = {7D36408B-D909-4333-AD29-5621DC713066}
		{1AF3035A-DCEB-4035-A4E7-89912EDC11E1} = {7D36408B-D909-4333-AD29-5621DC713066}
		{6DF0A6DA-4ED1-4DA5-835C-929AFDF4FC79} = {CC138F45-D94A-4939-96EB-ADE5982C717A}
		{5CAA42FB-B2B7-436A-866F-6DDF367FA567} = {7D36408B-D909-4333-AD29-5621DC713066}
		{17844EAA-9E91-4E2D-A0D3-DB48AD369DE6} = {CD14317E-3030-4DC6-A37B-95DA90EF2E7A}
		{40BA627F-6DF3-40FF-BAA2-774AFF4720AE} = {A3A81634-C2B1-4CDF-A1F0-ABE4F6FD30DB}
		{75F4425E-99F9-4022-9370-C8696C7EAA0C} = {CD14317E-3030-4DC6-A37B-95DA90EF2E7A}
	EndGlobalSection
EndGlobal
